
Microsoft Visual Studio Solution File, Format Version 11.00
# Visual C++ Express 2010
Project("{8BC9CEB8-8B4A-11D0-8D11-00A0C91BC942}") = "python-monocle", "python-monocle\python-monocle.vcxproj", "{5F1159D8-E1AB-423C-9814-BA822F79F7C7}"
EndProject
Global
	GlobalSection(SolutionConfigurationPlatforms) = preSolution
		Debug|Win32 = Debug|Win32
		Release|Win32 = Release|Win32
	EndGlobalSection
	GlobalSection(ProjectConfigurationPlatforms) = postSolution
		{5F1159D8-E1AB-423C-9814-BA822F79F7C7}.Debug|Win32.ActiveCfg = Debug|Win32
		{5F1159D8-E1AB-423C-9814-BA822F79F7C7}.Debug|Win32.Build.0 = Debug|Win32
		{5F1159D8-E1AB-423C-9814-BA822F79F7C7}.Release|Win32.ActiveCfg = Release|Win32
		{5F1159D8-E1AB-423C-9814-BA822F79F7C7}.Release|Win32.Build.0 = Release|Win32
	EndGlobalSection
	GlobalSection(SolutionProperties) = preSolution
		HideSolutionNode = FALSE
	EndGlobalSection
EndGlobal
