<?xml version="1.0" encoding="utf-8"?>
<Project ToolsVersion="4.0" xmlns="http://schemas.microsoft.com/developer/msbuild/2003">
  <ItemGroup>
    <Filter Include="Resource Files">
      <UniqueIdentifier>{67DA6AB6-F800-4c08-8B7A-83BB121AAD01}</UniqueIdentifier>
      <Extensions>rc;ico;cur;bmp;dlg;rc2;rct;bin;rgs;gif;jpg;jpeg;jpe;resx;tiff;tif;png;wav;mfcribbon-ms</Extensions>
    </Filter>
    <Filter Include="Monocle">
      <UniqueIdentifier>{93995380-89BD-4b04-88EB-625FBE52EBFB}</UniqueIdentifier>
      <Extensions>h;hpp;hxx;hm;inl;inc;xsd</Extensions>
    </Filter>
    <Filter Include="Test">
      <UniqueIdentifier>{4FC737F1-C7A5-4376-A066-2A32D752A2FF}</UniqueIdentifier>
      <Extensions>cpp;c;cc;cxx;def;odl;idl;hpj;bat;asm;asmx</Extensions>
    </Filter>
    <Filter Include="Monocle\Windows">
      <UniqueIdentifier>{028412ef-d5d9-4aab-ad4d-df588e57c6a5}</UniqueIdentifier>
    </Filter>
  </ItemGroup>
  <ItemGroup>
    <ClInclude Include="..\..\..\..\Monocle.h">
      <Filter>Monocle</Filter>
    </ClInclude>
    <ClInclude Include="..\..\..\..\Platform.h">
      <Filter>Monocle</Filter>
    </ClInclude>
    <ClInclude Include="..\..\..\..\Vector2.h">
      <Filter>Monocle</Filter>
    </ClInclude>
    <ClInclude Include="..\..\..\..\Math.h">
      <Filter>Monocle</Filter>
    </ClInclude>
    <ClInclude Include="..\..\..\..\Core.h">
      <Filter>Monocle</Filter>
    </ClInclude>
    <ClInclude Include="..\..\..\..\Input.h">
      <Filter>Monocle</Filter>
    </ClInclude>
    <ClInclude Include="..\..\..\..\Graphics.h">
      <Filter>Monocle</Filter>
    </ClInclude>
    <ClInclude Include="..\..\..\..\Debug.h">
      <Filter>Monocle</Filter>
    </ClInclude>
    <ClInclude Include="..\..\..\..\Windows\WindowsPlatform.h">
      <Filter>Monocle\Windows</Filter>
    </ClInclude>
    <ClInclude Include="..\..\..\..\Vector3.h">
    <ClInclude Include="..\..\..\..\Entity.h">
      <Filter>Monocle</Filter>
    </ClInclude>
    <ClInclude Include="..\..\..\..\Scene.h">
      <Filter>Monocle</Filter>
    </ClInclude>
  </ItemGroup>
  <ItemGroup>
    <ClCompile Include="..\..\..\..\Monocle.cpp">
      <Filter>Monocle</Filter>
    </ClCompile>
    <ClCompile Include="..\..\..\..\Main.cpp">
      <Filter>Test</Filter>
    </ClCompile>
    <ClCompile Include="..\..\..\..\Vector2.cpp">
      <Filter>Monocle</Filter>
    </ClCompile>
    <ClCompile Include="..\..\..\..\Math.cpp">
      <Filter>Monocle</Filter>
    </ClCompile>
    <ClCompile Include="..\..\..\..\Core.cpp">
      <Filter>Monocle</Filter>
    </ClCompile>
    <ClCompile Include="..\..\..\..\Debug.cpp">
      <Filter>Monocle</Filter>
    </ClCompile>
    <ClCompile Include="..\..\..\..\Input.cpp">
      <Filter>Monocle</Filter>
    </ClCompile>
    <ClCompile Include="..\..\..\..\Windows\WindowsPlatform.cpp">
      <Filter>Monocle\Windows</Filter>
    </ClCompile>
    <ClCompile Include="..\..\..\..\Windows\WindowsOpenGLGraphics.cpp">
      <Filter>Monocle\Windows</Filter>
    </ClCompile>
    <ClCompile Include="..\..\..\..\Vector3.cpp">
      <Filter>Monocle</Filter>
    </ClCompile>
    <ClCompile Include="..\..\..\..\Scene.cpp">
      <Filter>Monocle</Filter>
    </ClCompile>
    <ClCompile Include="..\..\..\..\Entity.cpp">
      <Filter>Monocle</Filter>
    </ClCompile>
  </ItemGroup>
</Project>