// !$*UTF8*$!
{
	archiveVersion = 1;
	classes = {
	};
	objectVersion = 46;
	objects = {

/* Begin PBXBuildFile section */
		37EA249B132F986900D216B0 /* Cocoa.framework in Frameworks */ = {isa = PBXBuildFile; fileRef = 37EA249A132F986900D216B0 /* Cocoa.framework */; };
		37EA24A5132F986900D216B0 /* InfoPlist.strings in Resources */ = {isa = PBXBuildFile; fileRef = 37EA24A3132F986900D216B0 /* InfoPlist.strings */; };
		37EA24AE132F986900D216B0 /* MonocleTestAppDelegate.m in Sources */ = {isa = PBXBuildFile; fileRef = 37EA24AD132F986900D216B0 /* MonocleTestAppDelegate.m */; };
		37EA2512132F99B900D216B0 /* Asset.cpp in Sources */ = {isa = PBXBuildFile; fileRef = 37EA24C1132F99B900D216B0 /* Asset.cpp */; };
		37EA2513132F99B900D216B0 /* AssetDatabase.cpp in Sources */ = {isa = PBXBuildFile; fileRef = 37EA24C3132F99B900D216B0 /* AssetDatabase.cpp */; };
		37EA2514132F99B900D216B0 /* Color.cpp in Sources */ = {isa = PBXBuildFile; fileRef = 37EA24C5132F99B900D216B0 /* Color.cpp */; };
		37EA2515132F99B900D216B0 /* Core.cpp in Sources */ = {isa = PBXBuildFile; fileRef = 37EA24C7132F99B900D216B0 /* Core.cpp */; };
		37EA2516132F99B900D216B0 /* Debug.cpp in Sources */ = {isa = PBXBuildFile; fileRef = 37EA24C9132F99B900D216B0 /* Debug.cpp */; };
		37EA2517132F99B900D216B0 /* Entity.cpp in Sources */ = {isa = PBXBuildFile; fileRef = 37EA24CB132F99B900D216B0 /* Entity.cpp */; };
		37EA2518132F99B900D216B0 /* Input.cpp in Sources */ = {isa = PBXBuildFile; fileRef = 37EA24CE132F99B900D216B0 /* Input.cpp */; };
		37EA251B132F99B900D216B0 /* MacPlatform.cpp in Sources */ = {isa = PBXBuildFile; fileRef = 37EA24D3132F99B900D216B0 /* MacPlatform.cpp */; };
		37EA251D132F99B900D216B0 /* Math.cpp in Sources */ = {isa = PBXBuildFile; fileRef = 37EA24D7132F99B900D216B0 /* Math.cpp */; };
		37EA251E132F99B900D216B0 /* Monocle.cpp in Sources */ = {isa = PBXBuildFile; fileRef = 37EA24D9132F99B900D216B0 /* Monocle.cpp */; };
		37EA2521132F99B900D216B0 /* glpng.c in Sources */ = {isa = PBXBuildFile; fileRef = 37EA24DF132F99B900D216B0 /* glpng.c */; };
		37EA2522132F99B900D216B0 /* png.c in Sources */ = {isa = PBXBuildFile; fileRef = 37EA24E2132F99B900D216B0 /* png.c */; };
		37EA2523132F99B900D216B0 /* pngerror.c in Sources */ = {isa = PBXBuildFile; fileRef = 37EA24E5132F99B900D216B0 /* pngerror.c */; };
		37EA2524132F99B900D216B0 /* pngget.c in Sources */ = {isa = PBXBuildFile; fileRef = 37EA24E6132F99B900D216B0 /* pngget.c */; };
		37EA2525132F99B900D216B0 /* pngmem.c in Sources */ = {isa = PBXBuildFile; fileRef = 37EA24E7132F99B900D216B0 /* pngmem.c */; };
		37EA2526132F99B900D216B0 /* pngpread.c in Sources */ = {isa = PBXBuildFile; fileRef = 37EA24E8132F99B900D216B0 /* pngpread.c */; };
		37EA2527132F99B900D216B0 /* pngread.c in Sources */ = {isa = PBXBuildFile; fileRef = 37EA24E9132F99B900D216B0 /* pngread.c */; };
		37EA2528132F99B900D216B0 /* pngrio.c in Sources */ = {isa = PBXBuildFile; fileRef = 37EA24EA132F99B900D216B0 /* pngrio.c */; };
		37EA2529132F99B900D216B0 /* pngrtran.c in Sources */ = {isa = PBXBuildFile; fileRef = 37EA24EB132F99B900D216B0 /* pngrtran.c */; };
		37EA252A132F99B900D216B0 /* pngrutil.c in Sources */ = {isa = PBXBuildFile; fileRef = 37EA24EC132F99B900D216B0 /* pngrutil.c */; };
		37EA252B132F99B900D216B0 /* pngset.c in Sources */ = {isa = PBXBuildFile; fileRef = 37EA24ED132F99B900D216B0 /* pngset.c */; };
		37EA252C132F99B900D216B0 /* pngtrans.c in Sources */ = {isa = PBXBuildFile; fileRef = 37EA24EE132F99B900D216B0 /* pngtrans.c */; };
		37EA252D132F99B900D216B0 /* adler32.c in Sources */ = {isa = PBXBuildFile; fileRef = 37EA24F0132F99B900D216B0 /* adler32.c */; };
		37EA252E132F99B900D216B0 /* compress.c in Sources */ = {isa = PBXBuildFile; fileRef = 37EA24F1132F99B900D216B0 /* compress.c */; };
		37EA252F132F99B900D216B0 /* crc32.c in Sources */ = {isa = PBXBuildFile; fileRef = 37EA24F2132F99B900D216B0 /* crc32.c */; };
		37EA2530132F99B900D216B0 /* deflate.c in Sources */ = {isa = PBXBuildFile; fileRef = 37EA24F4132F99B900D216B0 /* deflate.c */; };
		37EA2531132F99B900D216B0 /* gzio.c in Sources */ = {isa = PBXBuildFile; fileRef = 37EA24F6132F99B900D216B0 /* gzio.c */; };
		37EA2532132F99B900D216B0 /* infback.c in Sources */ = {isa = PBXBuildFile; fileRef = 37EA24F7132F99B900D216B0 /* infback.c */; };
		37EA2533132F99B900D216B0 /* inffast.c in Sources */ = {isa = PBXBuildFile; fileRef = 37EA24F8132F99B900D216B0 /* inffast.c */; };
		37EA2534132F99B900D216B0 /* inflate.c in Sources */ = {isa = PBXBuildFile; fileRef = 37EA24FB132F99B900D216B0 /* inflate.c */; };
		37EA2535132F99B900D216B0 /* inftrees.c in Sources */ = {isa = PBXBuildFile; fileRef = 37EA24FD132F99B900D216B0 /* inftrees.c */; };
		37EA2536132F99B900D216B0 /* trees.c in Sources */ = {isa = PBXBuildFile; fileRef = 37EA24FF132F99B900D216B0 /* trees.c */; };
		37EA2537132F99B900D216B0 /* uncompr.c in Sources */ = {isa = PBXBuildFile; fileRef = 37EA2501132F99B900D216B0 /* uncompr.c */; };
		37EA2538132F99B900D216B0 /* zutil.c in Sources */ = {isa = PBXBuildFile; fileRef = 37EA2504132F99B900D216B0 /* zutil.c */; };
		37EA253A132F99B900D216B0 /* OpenGLTextureAsset.cpp in Sources */ = {isa = PBXBuildFile; fileRef = 37EA2507132F99B900D216B0 /* OpenGLTextureAsset.cpp */; };
		37EA253B132F99B900D216B0 /* Scene.cpp in Sources */ = {isa = PBXBuildFile; fileRef = 37EA2509132F99B900D216B0 /* Scene.cpp */; };
		37EA253C132F99B900D216B0 /* Tween.cpp in Sources */ = {isa = PBXBuildFile; fileRef = 37EA250C132F99B900D216B0 /* Tween.cpp */; };
		37EA253D132F99B900D216B0 /* Vector2.cpp in Sources */ = {isa = PBXBuildFile; fileRef = 37EA250E132F99B900D216B0 /* Vector2.cpp */; };
		37EA253E132F99B900D216B0 /* Vector3.cpp in Sources */ = {isa = PBXBuildFile; fileRef = 37EA2510132F99B900D216B0 /* Vector3.cpp */; };
		37EA2540132F9C7200D216B0 /* main.m in Sources */ = {isa = PBXBuildFile; fileRef = 37EA253F132F9C7200D216B0 /* main.m */; };
		37EA2542132FA05A00D216B0 /* OpenGLGraphics.cpp in Sources */ = {isa = PBXBuildFile; fileRef = 37EA2541132FA05A00D216B0 /* OpenGLGraphics.cpp */; };
/* End PBXBuildFile section */

/* Begin PBXFileReference section */
		37EA2496132F986900D216B0 /* MonocleTest.app */ = {isa = PBXFileReference; explicitFileType = wrapper.application; includeInIndex = 0; path = MonocleTest.app; sourceTree = BUILT_PRODUCTS_DIR; };
		37EA249A132F986900D216B0 /* Cocoa.framework */ = {isa = PBXFileReference; lastKnownFileType = wrapper.framework; name = Cocoa.framework; path = System/Library/Frameworks/Cocoa.framework; sourceTree = SDKROOT; };
		37EA249D132F986900D216B0 /* AppKit.framework */ = {isa = PBXFileReference; lastKnownFileType = wrapper.framework; name = AppKit.framework; path = System/Library/Frameworks/AppKit.framework; sourceTree = SDKROOT; };
		37EA249E132F986900D216B0 /* CoreData.framework */ = {isa = PBXFileReference; lastKnownFileType = wrapper.framework; name = CoreData.framework; path = System/Library/Frameworks/CoreData.framework; sourceTree = SDKROOT; };
		37EA249F132F986900D216B0 /* Foundation.framework */ = {isa = PBXFileReference; lastKnownFileType = wrapper.framework; name = Foundation.framework; path = System/Library/Frameworks/Foundation.framework; sourceTree = SDKROOT; };
		37EA24A2132F986900D216B0 /* MonocleTest-Info.plist */ = {isa = PBXFileReference; lastKnownFileType = text.plist.xml; path = "MonocleTest-Info.plist"; sourceTree = "<group>"; };
		37EA24A4132F986900D216B0 /* en */ = {isa = PBXFileReference; lastKnownFileType = text.plist.strings; name = en; path = en.lproj/InfoPlist.strings; sourceTree = "<group>"; };
		37EA24A6132F986900D216B0 /* MonocleTest-Prefix.pch */ = {isa = PBXFileReference; lastKnownFileType = sourcecode.c.h; path = "MonocleTest-Prefix.pch"; sourceTree = "<group>"; };
		37EA24AC132F986900D216B0 /* MonocleTestAppDelegate.h */ = {isa = PBXFileReference; lastKnownFileType = sourcecode.c.h; path = MonocleTestAppDelegate.h; sourceTree = "<group>"; };
		37EA24AD132F986900D216B0 /* MonocleTestAppDelegate.m */ = {isa = PBXFileReference; lastKnownFileType = sourcecode.c.objc; path = MonocleTestAppDelegate.m; sourceTree = "<group>"; };
		37EA24C1132F99B900D216B0 /* Asset.cpp */ = {isa = PBXFileReference; fileEncoding = 4; lastKnownFileType = sourcecode.cpp.cpp; name = Asset.cpp; path = ../../../Asset.cpp; sourceTree = "<group>"; };
		37EA24C2132F99B900D216B0 /* Asset.h */ = {isa = PBXFileReference; fileEncoding = 4; lastKnownFileType = sourcecode.c.h; name = Asset.h; path = ../../../Asset.h; sourceTree = "<group>"; };
		37EA24C3132F99B900D216B0 /* AssetDatabase.cpp */ = {isa = PBXFileReference; fileEncoding = 4; lastKnownFileType = sourcecode.cpp.cpp; name = AssetDatabase.cpp; path = ../../../AssetDatabase.cpp; sourceTree = "<group>"; };
		37EA24C4132F99B900D216B0 /* AssetDatabase.h */ = {isa = PBXFileReference; fileEncoding = 4; lastKnownFileType = sourcecode.c.h; name = AssetDatabase.h; path = ../../../AssetDatabase.h; sourceTree = "<group>"; };
		37EA24C5132F99B900D216B0 /* Color.cpp */ = {isa = PBXFileReference; fileEncoding = 4; lastKnownFileType = sourcecode.cpp.cpp; name = Color.cpp; path = ../../../Color.cpp; sourceTree = "<group>"; };
		37EA24C6132F99B900D216B0 /* Color.h */ = {isa = PBXFileReference; fileEncoding = 4; lastKnownFileType = sourcecode.c.h; name = Color.h; path = ../../../Color.h; sourceTree = "<group>"; };
		37EA24C7132F99B900D216B0 /* Core.cpp */ = {isa = PBXFileReference; fileEncoding = 4; lastKnownFileType = sourcecode.cpp.cpp; name = Core.cpp; path = ../../../Core.cpp; sourceTree = "<group>"; };
		37EA24C8132F99B900D216B0 /* Core.h */ = {isa = PBXFileReference; fileEncoding = 4; lastKnownFileType = sourcecode.c.h; name = Core.h; path = ../../../Core.h; sourceTree = "<group>"; };
		37EA24C9132F99B900D216B0 /* Debug.cpp */ = {isa = PBXFileReference; fileEncoding = 4; lastKnownFileType = sourcecode.cpp.cpp; name = Debug.cpp; path = ../../../Debug.cpp; sourceTree = "<group>"; };
		37EA24CA132F99B900D216B0 /* Debug.h */ = {isa = PBXFileReference; fileEncoding = 4; lastKnownFileType = sourcecode.c.h; name = Debug.h; path = ../../../Debug.h; sourceTree = "<group>"; };
		37EA24CB132F99B900D216B0 /* Entity.cpp */ = {isa = PBXFileReference; fileEncoding = 4; lastKnownFileType = sourcecode.cpp.cpp; name = Entity.cpp; path = ../../../Entity.cpp; sourceTree = "<group>"; };
		37EA24CC132F99B900D216B0 /* Entity.h */ = {isa = PBXFileReference; fileEncoding = 4; lastKnownFileType = sourcecode.c.h; name = Entity.h; path = ../../../Entity.h; sourceTree = "<group>"; };
		37EA24CD132F99B900D216B0 /* Graphics.h */ = {isa = PBXFileReference; fileEncoding = 4; lastKnownFileType = sourcecode.c.h; name = Graphics.h; path = ../../../Graphics.h; sourceTree = "<group>"; };
		37EA24CE132F99B900D216B0 /* Input.cpp */ = {isa = PBXFileReference; fileEncoding = 4; lastKnownFileType = sourcecode.cpp.cpp; name = Input.cpp; path = ../../../Input.cpp; sourceTree = "<group>"; };
		37EA24CF132F99B900D216B0 /* Input.h */ = {isa = PBXFileReference; fileEncoding = 4; lastKnownFileType = sourcecode.c.h; name = Input.h; path = ../../../Input.h; sourceTree = "<group>"; };
		37EA24D3132F99B900D216B0 /* MacPlatform.cpp */ = {isa = PBXFileReference; fileEncoding = 4; lastKnownFileType = sourcecode.cpp.cpp; path = MacPlatform.cpp; sourceTree = "<group>"; };
		37EA24D4132F99B900D216B0 /* MacPlatform.h */ = {isa = PBXFileReference; fileEncoding = 4; lastKnownFileType = sourcecode.c.h; path = MacPlatform.h; sourceTree = "<group>"; };
		37EA24D6132F99B900D216B0 /* Main.h */ = {isa = PBXFileReference; fileEncoding = 4; lastKnownFileType = sourcecode.c.h; name = Main.h; path = ../../../Main.h; sourceTree = "<group>"; };
		37EA24D7132F99B900D216B0 /* Math.cpp */ = {isa = PBXFileReference; fileEncoding = 4; lastKnownFileType = sourcecode.cpp.cpp; name = Math.cpp; path = ../../../Math.cpp; sourceTree = "<group>"; };
		37EA24D8132F99B900D216B0 /* Math.h */ = {isa = PBXFileReference; fileEncoding = 4; lastKnownFileType = sourcecode.c.h; name = Math.h; path = ../../../Math.h; sourceTree = "<group>"; };
		37EA24D9132F99B900D216B0 /* Monocle.cpp */ = {isa = PBXFileReference; fileEncoding = 4; lastKnownFileType = sourcecode.cpp.cpp; name = Monocle.cpp; path = ../../../Monocle.cpp; sourceTree = "<group>"; };
		37EA24DA132F99B900D216B0 /* Monocle.h */ = {isa = PBXFileReference; fileEncoding = 4; lastKnownFileType = sourcecode.c.h; name = Monocle.h; path = ../../../Monocle.h; sourceTree = "<group>"; };
		37EA24DF132F99B900D216B0 /* glpng.c */ = {isa = PBXFileReference; fileEncoding = 4; lastKnownFileType = sourcecode.c.c; path = glpng.c; sourceTree = "<group>"; };
		37EA24E0132F99B900D216B0 /* glpng.h */ = {isa = PBXFileReference; fileEncoding = 4; lastKnownFileType = sourcecode.c.h; path = glpng.h; sourceTree = "<group>"; };
		37EA24E2132F99B900D216B0 /* png.c */ = {isa = PBXFileReference; fileEncoding = 4; lastKnownFileType = sourcecode.c.c; path = png.c; sourceTree = "<group>"; };
		37EA24E3132F99B900D216B0 /* png.h */ = {isa = PBXFileReference; fileEncoding = 4; lastKnownFileType = sourcecode.c.h; path = png.h; sourceTree = "<group>"; };
		37EA24E4132F99B900D216B0 /* pngconf.h */ = {isa = PBXFileReference; fileEncoding = 4; lastKnownFileType = sourcecode.c.h; path = pngconf.h; sourceTree = "<group>"; };
		37EA24E5132F99B900D216B0 /* pngerror.c */ = {isa = PBXFileReference; fileEncoding = 4; lastKnownFileType = sourcecode.c.c; path = pngerror.c; sourceTree = "<group>"; };
		37EA24E6132F99B900D216B0 /* pngget.c */ = {isa = PBXFileReference; fileEncoding = 4; lastKnownFileType = sourcecode.c.c; path = pngget.c; sourceTree = "<group>"; };
		37EA24E7132F99B900D216B0 /* pngmem.c */ = {isa = PBXFileReference; fileEncoding = 4; lastKnownFileType = sourcecode.c.c; path = pngmem.c; sourceTree = "<group>"; };
		37EA24E8132F99B900D216B0 /* pngpread.c */ = {isa = PBXFileReference; fileEncoding = 4; lastKnownFileType = sourcecode.c.c; path = pngpread.c; sourceTree = "<group>"; };
		37EA24E9132F99B900D216B0 /* pngread.c */ = {isa = PBXFileReference; fileEncoding = 4; lastKnownFileType = sourcecode.c.c; path = pngread.c; sourceTree = "<group>"; };
		37EA24EA132F99B900D216B0 /* pngrio.c */ = {isa = PBXFileReference; fileEncoding = 4; lastKnownFileType = sourcecode.c.c; path = pngrio.c; sourceTree = "<group>"; };
		37EA24EB132F99B900D216B0 /* pngrtran.c */ = {isa = PBXFileReference; fileEncoding = 4; lastKnownFileType = sourcecode.c.c; path = pngrtran.c; sourceTree = "<group>"; };
		37EA24EC132F99B900D216B0 /* pngrutil.c */ = {isa = PBXFileReference; fileEncoding = 4; lastKnownFileType = sourcecode.c.c; path = pngrutil.c; sourceTree = "<group>"; };
		37EA24ED132F99B900D216B0 /* pngset.c */ = {isa = PBXFileReference; fileEncoding = 4; lastKnownFileType = sourcecode.c.c; path = pngset.c; sourceTree = "<group>"; };
		37EA24EE132F99B900D216B0 /* pngtrans.c */ = {isa = PBXFileReference; fileEncoding = 4; lastKnownFileType = sourcecode.c.c; path = pngtrans.c; sourceTree = "<group>"; };
		37EA24F0132F99B900D216B0 /* adler32.c */ = {isa = PBXFileReference; fileEncoding = 4; lastKnownFileType = sourcecode.c.c; path = adler32.c; sourceTree = "<group>"; };
		37EA24F1132F99B900D216B0 /* compress.c */ = {isa = PBXFileReference; fileEncoding = 4; lastKnownFileType = sourcecode.c.c; path = compress.c; sourceTree = "<group>"; };
		37EA24F2132F99B900D216B0 /* crc32.c */ = {isa = PBXFileReference; fileEncoding = 4; lastKnownFileType = sourcecode.c.c; path = crc32.c; sourceTree = "<group>"; };
		37EA24F3132F99B900D216B0 /* crc32.h */ = {isa = PBXFileReference; fileEncoding = 4; lastKnownFileType = sourcecode.c.h; path = crc32.h; sourceTree = "<group>"; };
		37EA24F4132F99B900D216B0 /* deflate.c */ = {isa = PBXFileReference; fileEncoding = 4; lastKnownFileType = sourcecode.c.c; path = deflate.c; sourceTree = "<group>"; };
		37EA24F5132F99B900D216B0 /* deflate.h */ = {isa = PBXFileReference; fileEncoding = 4; lastKnownFileType = sourcecode.c.h; path = deflate.h; sourceTree = "<group>"; };
		37EA24F6132F99B900D216B0 /* gzio.c */ = {isa = PBXFileReference; fileEncoding = 4; lastKnownFileType = sourcecode.c.c; path = gzio.c; sourceTree = "<group>"; };
		37EA24F7132F99B900D216B0 /* infback.c */ = {isa = PBXFileReference; fileEncoding = 4; lastKnownFileType = sourcecode.c.c; path = infback.c; sourceTree = "<group>"; };
		37EA24F8132F99B900D216B0 /* inffast.c */ = {isa = PBXFileReference; fileEncoding = 4; lastKnownFileType = sourcecode.c.c; path = inffast.c; sourceTree = "<group>"; };
		37EA24F9132F99B900D216B0 /* inffast.h */ = {isa = PBXFileReference; fileEncoding = 4; lastKnownFileType = sourcecode.c.h; path = inffast.h; sourceTree = "<group>"; };
		37EA24FA132F99B900D216B0 /* inffixed.h */ = {isa = PBXFileReference; fileEncoding = 4; lastKnownFileType = sourcecode.c.h; path = inffixed.h; sourceTree = "<group>"; };
		37EA24FB132F99B900D216B0 /* inflate.c */ = {isa = PBXFileReference; fileEncoding = 4; lastKnownFileType = sourcecode.c.c; path = inflate.c; sourceTree = "<group>"; };
		37EA24FC132F99B900D216B0 /* inflate.h */ = {isa = PBXFileReference; fileEncoding = 4; lastKnownFileType = sourcecode.c.h; path = inflate.h; sourceTree = "<group>"; };
		37EA24FD132F99B900D216B0 /* inftrees.c */ = {isa = PBXFileReference; fileEncoding = 4; lastKnownFileType = sourcecode.c.c; path = inftrees.c; sourceTree = "<group>"; };
		37EA24FE132F99B900D216B0 /* inftrees.h */ = {isa = PBXFileReference; fileEncoding = 4; lastKnownFileType = sourcecode.c.h; path = inftrees.h; sourceTree = "<group>"; };
		37EA24FF132F99B900D216B0 /* trees.c */ = {isa = PBXFileReference; fileEncoding = 4; lastKnownFileType = sourcecode.c.c; path = trees.c; sourceTree = "<group>"; };
		37EA2500132F99B900D216B0 /* trees.h */ = {isa = PBXFileReference; fileEncoding = 4; lastKnownFileType = sourcecode.c.h; path = trees.h; sourceTree = "<group>"; };
		37EA2501132F99B900D216B0 /* uncompr.c */ = {isa = PBXFileReference; fileEncoding = 4; lastKnownFileType = sourcecode.c.c; path = uncompr.c; sourceTree = "<group>"; };
		37EA2502132F99B900D216B0 /* zconf.h */ = {isa = PBXFileReference; fileEncoding = 4; lastKnownFileType = sourcecode.c.h; path = zconf.h; sourceTree = "<group>"; };
		37EA2503132F99B900D216B0 /* zlib.h */ = {isa = PBXFileReference; fileEncoding = 4; lastKnownFileType = sourcecode.c.h; path = zlib.h; sourceTree = "<group>"; };
		37EA2504132F99B900D216B0 /* zutil.c */ = {isa = PBXFileReference; fileEncoding = 4; lastKnownFileType = sourcecode.c.c; path = zutil.c; sourceTree = "<group>"; };
		37EA2505132F99B900D216B0 /* zutil.h */ = {isa = PBXFileReference; fileEncoding = 4; lastKnownFileType = sourcecode.c.h; path = zutil.h; sourceTree = "<group>"; };
		37EA2507132F99B900D216B0 /* OpenGLTextureAsset.cpp */ = {isa = PBXFileReference; fileEncoding = 4; lastKnownFileType = sourcecode.cpp.cpp; path = OpenGLTextureAsset.cpp; sourceTree = "<group>"; };
		37EA2508132F99B900D216B0 /* Platform.h */ = {isa = PBXFileReference; fileEncoding = 4; lastKnownFileType = sourcecode.c.h; name = Platform.h; path = ../../../Platform.h; sourceTree = "<group>"; };
		37EA2509132F99B900D216B0 /* Scene.cpp */ = {isa = PBXFileReference; fileEncoding = 4; lastKnownFileType = sourcecode.cpp.cpp; name = Scene.cpp; path = ../../../Scene.cpp; sourceTree = "<group>"; };
		37EA250A132F99B900D216B0 /* Scene.h */ = {isa = PBXFileReference; fileEncoding = 4; lastKnownFileType = sourcecode.c.h; name = Scene.h; path = ../../../Scene.h; sourceTree = "<group>"; };
		37EA250B132F99B900D216B0 /* TextureAsset.h */ = {isa = PBXFileReference; fileEncoding = 4; lastKnownFileType = sourcecode.c.h; name = TextureAsset.h; path = ../../../TextureAsset.h; sourceTree = "<group>"; };
		37EA250C132F99B900D216B0 /* Tween.cpp */ = {isa = PBXFileReference; fileEncoding = 4; lastKnownFileType = sourcecode.cpp.cpp; name = Tween.cpp; path = ../../../Tween.cpp; sourceTree = "<group>"; };
		37EA250D132F99B900D216B0 /* Tween.h */ = {isa = PBXFileReference; fileEncoding = 4; lastKnownFileType = sourcecode.c.h; name = Tween.h; path = ../../../Tween.h; sourceTree = "<group>"; };
		37EA250E132F99B900D216B0 /* Vector2.cpp */ = {isa = PBXFileReference; fileEncoding = 4; lastKnownFileType = sourcecode.cpp.cpp; name = Vector2.cpp; path = ../../../Vector2.cpp; sourceTree = "<group>"; };
		37EA250F132F99B900D216B0 /* Vector2.h */ = {isa = PBXFileReference; fileEncoding = 4; lastKnownFileType = sourcecode.c.h; name = Vector2.h; path = ../../../Vector2.h; sourceTree = "<group>"; };
		37EA2510132F99B900D216B0 /* Vector3.cpp */ = {isa = PBXFileReference; fileEncoding = 4; lastKnownFileType = sourcecode.cpp.cpp; name = Vector3.cpp; path = ../../../Vector3.cpp; sourceTree = "<group>"; };
		37EA2511132F99B900D216B0 /* Vector3.h */ = {isa = PBXFileReference; fileEncoding = 4; lastKnownFileType = sourcecode.c.h; name = Vector3.h; path = ../../../Vector3.h; sourceTree = "<group>"; };
		37EA253F132F9C7200D216B0 /* main.m */ = {isa = PBXFileReference; fileEncoding = 4; lastKnownFileType = sourcecode.c.objc; path = main.m; sourceTree = "<group>"; };
		37EA2541132FA05A00D216B0 /* OpenGLGraphics.cpp */ = {isa = PBXFileReference; fileEncoding = 4; lastKnownFileType = sourcecode.cpp.cpp; path = OpenGLGraphics.cpp; sourceTree = "<group>"; };
/* End PBXFileReference section */

/* Begin PBXFrameworksBuildPhase section */
		37EA2493132F986900D216B0 /* Frameworks */ = {
			isa = PBXFrameworksBuildPhase;
			buildActionMask = 2147483647;
			files = (
				37EA249B132F986900D216B0 /* Cocoa.framework in Frameworks */,
			);
			runOnlyForDeploymentPostprocessing = 0;
		};
/* End PBXFrameworksBuildPhase section */

/* Begin PBXGroup section */
		37EA248B132F986800D216B0 = {
			isa = PBXGroup;
			children = (
				37EA24C0132F998400D216B0 /* Code */,
				37EA24A0132F986900D216B0 /* MonocleTest */,
				37EA2499132F986900D216B0 /* Frameworks */,
				37EA2497132F986900D216B0 /* Products */,
			);
			sourceTree = "<group>";
		};
		37EA2497132F986900D216B0 /* Products */ = {
			isa = PBXGroup;
			children = (
				37EA2496132F986900D216B0 /* MonocleTest.app */,
			);
			name = Products;
			sourceTree = "<group>";
		};
		37EA2499132F986900D216B0 /* Frameworks */ = {
			isa = PBXGroup;
			children = (
				37EA249A132F986900D216B0 /* Cocoa.framework */,
				37EA249C132F986900D216B0 /* Other Frameworks */,
			);
			name = Frameworks;
			sourceTree = "<group>";
		};
		37EA249C132F986900D216B0 /* Other Frameworks */ = {
			isa = PBXGroup;
			children = (
				37EA249D132F986900D216B0 /* AppKit.framework */,
				37EA249E132F986900D216B0 /* CoreData.framework */,
				37EA249F132F986900D216B0 /* Foundation.framework */,
			);
			name = "Other Frameworks";
			sourceTree = "<group>";
		};
		37EA24A0132F986900D216B0 /* MonocleTest */ = {
			isa = PBXGroup;
			children = (
				37EA24AC132F986900D216B0 /* MonocleTestAppDelegate.h */,
				37EA24AD132F986900D216B0 /* MonocleTestAppDelegate.m */,
				37EA24A1132F986900D216B0 /* Supporting Files */,
			);
			path = MonocleTest;
			sourceTree = "<group>";
		};
		37EA24A1132F986900D216B0 /* Supporting Files */ = {
			isa = PBXGroup;
			children = (
				37EA24A2132F986900D216B0 /* MonocleTest-Info.plist */,
				37EA24A3132F986900D216B0 /* InfoPlist.strings */,
				37EA24A6132F986900D216B0 /* MonocleTest-Prefix.pch */,
			);
			name = "Supporting Files";
			sourceTree = "<group>";
		};
		37EA24C0132F998400D216B0 /* Code */ = {
			isa = PBXGroup;
			children = (
				37EA24C1132F99B900D216B0 /* Asset.cpp */,
				37EA24C2132F99B900D216B0 /* Asset.h */,
				37EA24C3132F99B900D216B0 /* AssetDatabase.cpp */,
				37EA24C4132F99B900D216B0 /* AssetDatabase.h */,
				37EA24C5132F99B900D216B0 /* Color.cpp */,
				37EA24C6132F99B900D216B0 /* Color.h */,
				37EA24C7132F99B900D216B0 /* Core.cpp */,
				37EA24C8132F99B900D216B0 /* Core.h */,
				37EA24C9132F99B900D216B0 /* Debug.cpp */,
				37EA24CA132F99B900D216B0 /* Debug.h */,
				37EA24CB132F99B900D216B0 /* Entity.cpp */,
				37EA24CC132F99B900D216B0 /* Entity.h */,
				37EA24CD132F99B900D216B0 /* Graphics.h */,
				37EA24CE132F99B900D216B0 /* Input.cpp */,
				37EA24CF132F99B900D216B0 /* Input.h */,
				37EA24D0132F99B900D216B0 /* Mac */,
				37EA24D6132F99B900D216B0 /* Main.h */,
				37EA24D7132F99B900D216B0 /* Math.cpp */,
				37EA24D8132F99B900D216B0 /* Math.h */,
				37EA24D9132F99B900D216B0 /* Monocle.cpp */,
				37EA24DA132F99B900D216B0 /* Monocle.h */,
				37EA24DB132F99B900D216B0 /* OpenGL */,
				37EA2508132F99B900D216B0 /* Platform.h */,
				37EA2509132F99B900D216B0 /* Scene.cpp */,
				37EA250A132F99B900D216B0 /* Scene.h */,
				37EA250B132F99B900D216B0 /* TextureAsset.h */,
				37EA250C132F99B900D216B0 /* Tween.cpp */,
				37EA250D132F99B900D216B0 /* Tween.h */,
				37EA250E132F99B900D216B0 /* Vector2.cpp */,
				37EA250F132F99B900D216B0 /* Vector2.h */,
				37EA2510132F99B900D216B0 /* Vector3.cpp */,
				37EA2511132F99B900D216B0 /* Vector3.h */,
			);
			name = Code;
			sourceTree = "<group>";
		};
		37EA24D0132F99B900D216B0 /* Mac */ = {
			isa = PBXGroup;
			children = (
				37EA2541132FA05A00D216B0 /* OpenGLGraphics.cpp */,
				37EA253F132F9C7200D216B0 /* main.m */,
				37EA24D3132F99B900D216B0 /* MacPlatform.cpp */,
				37EA24D4132F99B900D216B0 /* MacPlatform.h */,
			);
			name = Mac;
			path = ../../../Mac;
			sourceTree = "<group>";
		};
		37EA24DB132F99B900D216B0 /* OpenGL */ = {
			isa = PBXGroup;
			children = (
				37EA24DD132F99B900D216B0 /* glpng */,
				37EA2507132F99B900D216B0 /* OpenGLTextureAsset.cpp */,
			);
			name = OpenGL;
			path = ../../../OpenGL;
			sourceTree = "<group>";
		};
		37EA24DD132F99B900D216B0 /* glpng */ = {
			isa = PBXGroup;
			children = (
				37EA24DF132F99B900D216B0 /* glpng.c */,
				37EA24E0132F99B900D216B0 /* glpng.h */,
				37EA24E1132F99B900D216B0 /* png */,
				37EA24EF132F99B900D216B0 /* zlib */,
			);
			path = glpng;
			sourceTree = "<group>";
		};
		37EA24E1132F99B900D216B0 /* png */ = {
			isa = PBXGroup;
			children = (
				37EA24E2132F99B900D216B0 /* png.c */,
				37EA24E3132F99B900D216B0 /* png.h */,
				37EA24E4132F99B900D216B0 /* pngconf.h */,
				37EA24E5132F99B900D216B0 /* pngerror.c */,
				37EA24E6132F99B900D216B0 /* pngget.c */,
				37EA24E7132F99B900D216B0 /* pngmem.c */,
				37EA24E8132F99B900D216B0 /* pngpread.c */,
				37EA24E9132F99B900D216B0 /* pngread.c */,
				37EA24EA132F99B900D216B0 /* pngrio.c */,
				37EA24EB132F99B900D216B0 /* pngrtran.c */,
				37EA24EC132F99B900D216B0 /* pngrutil.c */,
				37EA24ED132F99B900D216B0 /* pngset.c */,
				37EA24EE132F99B900D216B0 /* pngtrans.c */,
			);
			path = png;
			sourceTree = "<group>";
		};
		37EA24EF132F99B900D216B0 /* zlib */ = {
			isa = PBXGroup;
			children = (
				37EA24F0132F99B900D216B0 /* adler32.c */,
				37EA24F1132F99B900D216B0 /* compress.c */,
				37EA24F2132F99B900D216B0 /* crc32.c */,
				37EA24F3132F99B900D216B0 /* crc32.h */,
				37EA24F4132F99B900D216B0 /* deflate.c */,
				37EA24F5132F99B900D216B0 /* deflate.h */,
				37EA24F6132F99B900D216B0 /* gzio.c */,
				37EA24F7132F99B900D216B0 /* infback.c */,
				37EA24F8132F99B900D216B0 /* inffast.c */,
				37EA24F9132F99B900D216B0 /* inffast.h */,
				37EA24FA132F99B900D216B0 /* inffixed.h */,
				37EA24FB132F99B900D216B0 /* inflate.c */,
				37EA24FC132F99B900D216B0 /* inflate.h */,
				37EA24FD132F99B900D216B0 /* inftrees.c */,
				37EA24FE132F99B900D216B0 /* inftrees.h */,
				37EA24FF132F99B900D216B0 /* trees.c */,
				37EA2500132F99B900D216B0 /* trees.h */,
				37EA2501132F99B900D216B0 /* uncompr.c */,
				37EA2502132F99B900D216B0 /* zconf.h */,
				37EA2503132F99B900D216B0 /* zlib.h */,
				37EA2504132F99B900D216B0 /* zutil.c */,
				37EA2505132F99B900D216B0 /* zutil.h */,
			);
			path = zlib;
			sourceTree = "<group>";
		};
/* End PBXGroup section */

/* Begin PBXNativeTarget section */
		37EA2495132F986900D216B0 /* MonocleTest */ = {
			isa = PBXNativeTarget;
			buildConfigurationList = 37EA24B4132F986900D216B0 /* Build configuration list for PBXNativeTarget "MonocleTest" */;
			buildPhases = (
				37EA2492132F986900D216B0 /* Sources */,
				37EA2493132F986900D216B0 /* Frameworks */,
				37EA2494132F986900D216B0 /* Resources */,
			);
			buildRules = (
			);
			dependencies = (
			);
			name = MonocleTest;
			productName = MonocleTest;
			productReference = 37EA2496132F986900D216B0 /* MonocleTest.app */;
			productType = "com.apple.product-type.application";
		};
/* End PBXNativeTarget section */

/* Begin PBXProject section */
		37EA248D132F986800D216B0 /* Project object */ = {
			isa = PBXProject;
			attributes = {
				ORGANIZATIONNAME = "Expanding Brain";
			};
			buildConfigurationList = 37EA2490132F986800D216B0 /* Build configuration list for PBXProject "MonocleTest" */;
			compatibilityVersion = "Xcode 3.2";
			developmentRegion = English;
			hasScannedForEncodings = 0;
			knownRegions = (
				en,
			);
			mainGroup = 37EA248B132F986800D216B0;
			productRefGroup = 37EA2497132F986900D216B0 /* Products */;
			projectDirPath = "";
			projectRoot = "";
			targets = (
				37EA2495132F986900D216B0 /* MonocleTest */,
			);
		};
/* End PBXProject section */

/* Begin PBXResourcesBuildPhase section */
		37EA2494132F986900D216B0 /* Resources */ = {
			isa = PBXResourcesBuildPhase;
			buildActionMask = 2147483647;
			files = (
				37EA24A5132F986900D216B0 /* InfoPlist.strings in Resources */,
			);
			runOnlyForDeploymentPostprocessing = 0;
		};
/* End PBXResourcesBuildPhase section */

/* Begin PBXSourcesBuildPhase section */
		37EA2492132F986900D216B0 /* Sources */ = {
			isa = PBXSourcesBuildPhase;
			buildActionMask = 2147483647;
			files = (
				37EA24AE132F986900D216B0 /* MonocleTestAppDelegate.m in Sources */,
				37EA2512132F99B900D216B0 /* Asset.cpp in Sources */,
				37EA2513132F99B900D216B0 /* AssetDatabase.cpp in Sources */,
				37EA2514132F99B900D216B0 /* Color.cpp in Sources */,
				37EA2515132F99B900D216B0 /* Core.cpp in Sources */,
				37EA2516132F99B900D216B0 /* Debug.cpp in Sources */,
				37EA2517132F99B900D216B0 /* Entity.cpp in Sources */,
				37EA2518132F99B900D216B0 /* Input.cpp in Sources */,
				37EA251B132F99B900D216B0 /* MacPlatform.cpp in Sources */,
				37EA251D132F99B900D216B0 /* Math.cpp in Sources */,
				37EA251E132F99B900D216B0 /* Monocle.cpp in Sources */,
				37EA2521132F99B900D216B0 /* glpng.c in Sources */,
				37EA2522132F99B900D216B0 /* png.c in Sources */,
				37EA2523132F99B900D216B0 /* pngerror.c in Sources */,
				37EA2524132F99B900D216B0 /* pngget.c in Sources */,
				37EA2525132F99B900D216B0 /* pngmem.c in Sources */,
				37EA2526132F99B900D216B0 /* pngpread.c in Sources */,
				37EA2527132F99B900D216B0 /* pngread.c in Sources */,
				37EA2528132F99B900D216B0 /* pngrio.c in Sources */,
				37EA2529132F99B900D216B0 /* pngrtran.c in Sources */,
				37EA252A132F99B900D216B0 /* pngrutil.c in Sources */,
				37EA252B132F99B900D216B0 /* pngset.c in Sources */,
				37EA252C132F99B900D216B0 /* pngtrans.c in Sources */,
				37EA252D132F99B900D216B0 /* adler32.c in Sources */,
				37EA252E132F99B900D216B0 /* compress.c in Sources */,
				37EA252F132F99B900D216B0 /* crc32.c in Sources */,
				37EA2530132F99B900D216B0 /* deflate.c in Sources */,
				37EA2531132F99B900D216B0 /* gzio.c in Sources */,
				37EA2532132F99B900D216B0 /* infback.c in Sources */,
				37EA2533132F99B900D216B0 /* inffast.c in Sources */,
				37EA2534132F99B900D216B0 /* inflate.c in Sources */,
				37EA2535132F99B900D216B0 /* inftrees.c in Sources */,
				37EA2536132F99B900D216B0 /* trees.c in Sources */,
				37EA2537132F99B900D216B0 /* uncompr.c in Sources */,
				37EA2538132F99B900D216B0 /* zutil.c in Sources */,
				37EA253A132F99B900D216B0 /* OpenGLTextureAsset.cpp in Sources */,
				37EA253B132F99B900D216B0 /* Scene.cpp in Sources */,
				37EA253C132F99B900D216B0 /* Tween.cpp in Sources */,
				37EA253D132F99B900D216B0 /* Vector2.cpp in Sources */,
				37EA253E132F99B900D216B0 /* Vector3.cpp in Sources */,
				37EA2540132F9C7200D216B0 /* main.m in Sources */,
				37EA2542132FA05A00D216B0 /* OpenGLGraphics.cpp in Sources */,
			);
			runOnlyForDeploymentPostprocessing = 0;
		};
/* End PBXSourcesBuildPhase section */

/* Begin PBXVariantGroup section */
		37EA24A3132F986900D216B0 /* InfoPlist.strings */ = {
			isa = PBXVariantGroup;
			children = (
				37EA24A4132F986900D216B0 /* en */,
			);
			name = InfoPlist.strings;
			sourceTree = "<group>";
		};
/* End PBXVariantGroup section */

/* Begin XCBuildConfiguration section */
		37EA24B2132F986900D216B0 /* Debug */ = {
			isa = XCBuildConfiguration;
			buildSettings = {
				ARCHS = "$(ARCHS_STANDARD_32_64_BIT)";
				GCC_C_LANGUAGE_STANDARD = gnu99;
				GCC_OPTIMIZATION_LEVEL = 0;
				GCC_PREPROCESSOR_DEFINITIONS = DEBUG;
				GCC_SYMBOLS_PRIVATE_EXTERN = NO;
				GCC_VERSION = com.apple.compilers.llvm.clang.1_0;
				GCC_WARN_64_TO_32_BIT_CONVERSION = YES;
				GCC_WARN_ABOUT_RETURN_TYPE = YES;
				GCC_WARN_UNUSED_VARIABLE = YES;
				MACOSX_DEPLOYMENT_TARGET = 10.6;
				ONLY_ACTIVE_ARCH = YES;
				SDKROOT = macosx;
			};
			name = Debug;
		};
		37EA24B3132F986900D216B0 /* Release */ = {
			isa = XCBuildConfiguration;
			buildSettings = {
				ARCHS = "$(ARCHS_STANDARD_32_64_BIT)";
				GCC_C_LANGUAGE_STANDARD = gnu99;
				GCC_VERSION = com.apple.compilers.llvm.clang.1_0;
				GCC_WARN_64_TO_32_BIT_CONVERSION = YES;
				GCC_WARN_ABOUT_RETURN_TYPE = YES;
				GCC_WARN_UNUSED_VARIABLE = YES;
				MACOSX_DEPLOYMENT_TARGET = 10.6;
				SDKROOT = macosx;
			};
			name = Release;
		};
		37EA24B5132F986900D216B0 /* Debug */ = {
			isa = XCBuildConfiguration;
			buildSettings = {
				ALWAYS_SEARCH_USER_PATHS = NO;
				COPY_PHASE_STRIP = NO;
				GCC_DYNAMIC_NO_PIC = NO;
				GCC_ENABLE_OBJC_EXCEPTIONS = YES;
				GCC_PRECOMPILE_PREFIX_HEADER = YES;
				GCC_PREFIX_HEADER = "MonocleTest/MonocleTest-Prefix.pch";
				INFOPLIST_FILE = "MonocleTest/MonocleTest-Info.plist";
				MONOCLE_MAC = 1;
				PRODUCT_NAME = "$(TARGET_NAME)";
				WRAPPER_EXTENSION = app;
			};
			name = Debug;
		};
		37EA24B6132F986900D216B0 /* Release */ = {
			isa = XCBuildConfiguration;
			buildSettings = {
				ALWAYS_SEARCH_USER_PATHS = NO;
				COPY_PHASE_STRIP = YES;
				DEBUG_INFORMATION_FORMAT = "dwarf-with-dsym";
				GCC_ENABLE_OBJC_EXCEPTIONS = YES;
				GCC_PRECOMPILE_PREFIX_HEADER = YES;
				GCC_PREFIX_HEADER = "MonocleTest/MonocleTest-Prefix.pch";
				INFOPLIST_FILE = "MonocleTest/MonocleTest-Info.plist";
				MONOCLE_MAC = 1;
				PRODUCT_NAME = "$(TARGET_NAME)";
				WRAPPER_EXTENSION = app;
			};
			name = Release;
		};
/* End XCBuildConfiguration section */

/* Begin XCConfigurationList section */
		37EA2490132F986800D216B0 /* Build configuration list for PBXProject "MonocleTest" */ = {
			isa = XCConfigurationList;
			buildConfigurations = (
				37EA24B2132F986900D216B0 /* Debug */,
				37EA24B3132F986900D216B0 /* Release */,
			);
			defaultConfigurationIsVisible = 0;
			defaultConfigurationName = Release;
		};
		37EA24B4132F986900D216B0 /* Build configuration list for PBXNativeTarget "MonocleTest" */ = {
			isa = XCConfigurationList;
			buildConfigurations = (
				37EA24B5132F986900D216B0 /* Debug */,
				37EA24B6132F986900D216B0 /* Release */,
			);
			defaultConfigurationIsVisible = 0;
			defaultConfigurationName = Release;
		};
/* End XCConfigurationList section */
	};
	rootObject = 37EA248D132F986800D216B0 /* Project object */;
}
