// !$*UTF8*$!
{
	archiveVersion = 1;
	classes = {
	};
	objectVersion = 46;
	objects = {

/* Begin PBXBuildFile section */
		03115128136EFAF2002E27C2 /* Flash.cpp in Sources */ = {isa = PBXBuildFile; fileRef = 03836F5A136EEE56006746F2 /* Flash.cpp */; };
		0311512A136EFAF2002E27C2 /* Jumper.cpp in Sources */ = {isa = PBXBuildFile; fileRef = 03836F5F136EEE56006746F2 /* Jumper.cpp */; };
		0311512C136EFAF2002E27C2 /* LevelEditorTest.cpp in Sources */ = {isa = PBXBuildFile; fileRef = 03836F64136EEE56006746F2 /* LevelEditorTest.cpp */; };
		0311512E136EFAF2002E27C2 /* Ogmo.cpp in Sources */ = {isa = PBXBuildFile; fileRef = 03836F6B136EEE56006746F2 /* Ogmo.cpp */; };
		03115130136EFAF2002E27C2 /* Pong.cpp in Sources */ = {isa = PBXBuildFile; fileRef = 03836F70136EEE56006746F2 /* Pong.cpp */; };
		03115132136EFAF2002E27C2 /* PuppetTest.cpp in Sources */ = {isa = PBXBuildFile; fileRef = 03836F75136EEE56006746F2 /* PuppetTest.cpp */; };
		0328BB9D136EFC3B0031F7A3 /* Main.cpp in Sources */ = {isa = PBXBuildFile; fileRef = 0328BB9B136EFC3A0031F7A3 /* Main.cpp */; };
		03836F29136EED5D006746F2 /* Cocoa.framework in Frameworks */ = {isa = PBXBuildFile; fileRef = 03836F28136EED5D006746F2 /* Cocoa.framework */; };
		03836F4C136EED83006746F2 /* libMonocle.a in Frameworks */ = {isa = PBXBuildFile; fileRef = 03836F4B136EED83006746F2 /* libMonocle.a */; };
		03836F4F136EEDE7006746F2 /* OpenAL.framework in Frameworks */ = {isa = PBXBuildFile; fileRef = 03836F4D136EEDE7006746F2 /* OpenAL.framework */; };
		03836F50136EEDE7006746F2 /* OpenGL.framework in Frameworks */ = {isa = PBXBuildFile; fileRef = 03836F4E136EEDE7006746F2 /* OpenGL.framework */; };
		03836F77136EEE56006746F2 /* AudioTest.cpp in Sources */ = {isa = PBXBuildFile; fileRef = 03836F53136EEE56006746F2 /* AudioTest.cpp */; };
		03937809136EF6BE00118824 /* MonocleTests-Info.plist in Resources */ = {isa = PBXBuildFile; fileRef = 03937803136EF6BE00118824 /* MonocleTests-Info.plist */; };
		0393780B136EF6BE00118824 /* InfoPlist.strings in Resources */ = {isa = PBXBuildFile; fileRef = 03937807136EF6BE00118824 /* InfoPlist.strings */; };
/* End PBXBuildFile section */

/* Begin PBXFileReference section */
		0328BB95136EFBF50031F7A3 /* Monocle Tests.app */ = {isa = PBXFileReference; explicitFileType = wrapper.application; includeInIndex = 0; path = "Monocle Tests.app"; sourceTree = BUILT_PRODUCTS_DIR; };
		0328BB9B136EFC3A0031F7A3 /* Main.cpp */ = {isa = PBXFileReference; fileEncoding = 4; lastKnownFileType = sourcecode.cpp.cpp; name = Main.cpp; path = TestSelector/Main.cpp; sourceTree = "<group>"; };
		03836F28136EED5D006746F2 /* Cocoa.framework */ = {isa = PBXFileReference; lastKnownFileType = wrapper.framework; name = Cocoa.framework; path = System/Library/Frameworks/Cocoa.framework; sourceTree = SDKROOT; };
		03836F2B136EED5D006746F2 /* AppKit.framework */ = {isa = PBXFileReference; lastKnownFileType = wrapper.framework; name = AppKit.framework; path = System/Library/Frameworks/AppKit.framework; sourceTree = SDKROOT; };
		03836F2C136EED5D006746F2 /* CoreData.framework */ = {isa = PBXFileReference; lastKnownFileType = wrapper.framework; name = CoreData.framework; path = System/Library/Frameworks/CoreData.framework; sourceTree = SDKROOT; };
		03836F2D136EED5D006746F2 /* Foundation.framework */ = {isa = PBXFileReference; lastKnownFileType = wrapper.framework; name = Foundation.framework; path = System/Library/Frameworks/Foundation.framework; sourceTree = SDKROOT; };
		03836F4B136EED83006746F2 /* libMonocle.a */ = {isa = PBXFileReference; explicitFileType = archive.ar; path = libMonocle.a; sourceTree = BUILT_PRODUCTS_DIR; };
		03836F4D136EEDE7006746F2 /* OpenAL.framework */ = {isa = PBXFileReference; lastKnownFileType = wrapper.framework; name = OpenAL.framework; path = System/Library/Frameworks/OpenAL.framework; sourceTree = SDKROOT; };
		03836F4E136EEDE7006746F2 /* OpenGL.framework */ = {isa = PBXFileReference; lastKnownFileType = wrapper.framework; name = OpenGL.framework; path = System/Library/Frameworks/OpenGL.framework; sourceTree = SDKROOT; };
		03836F53136EEE56006746F2 /* AudioTest.cpp */ = {isa = PBXFileReference; fileEncoding = 4; lastKnownFileType = sourcecode.cpp.cpp; path = AudioTest.cpp; sourceTree = "<group>"; };
		03836F54136EEE56006746F2 /* AudioTest.h */ = {isa = PBXFileReference; fileEncoding = 4; lastKnownFileType = sourcecode.c.h; path = AudioTest.h; sourceTree = "<group>"; };
		03836F56136EEE56006746F2 /* Main.cpp */ = {isa = PBXFileReference; fileEncoding = 4; lastKnownFileType = sourcecode.cpp.cpp; path = Main.cpp; sourceTree = "<group>"; };
		03836F59136EEE56006746F2 /* CMakeLists.txt */ = {isa = PBXFileReference; fileEncoding = 4; lastKnownFileType = text; path = CMakeLists.txt; sourceTree = "<group>"; };
		03836F5A136EEE56006746F2 /* Flash.cpp */ = {isa = PBXFileReference; fileEncoding = 4; lastKnownFileType = sourcecode.cpp.cpp; path = Flash.cpp; sourceTree = "<group>"; };
		03836F5B136EEE56006746F2 /* Flash.h */ = {isa = PBXFileReference; fileEncoding = 4; lastKnownFileType = sourcecode.c.h; path = Flash.h; sourceTree = "<group>"; };
		03836F5C136EEE56006746F2 /* Main.cpp */ = {isa = PBXFileReference; fileEncoding = 4; lastKnownFileType = sourcecode.cpp.cpp; path = Main.cpp; sourceTree = "<group>"; };
		03836F5E136EEE56006746F2 /* CMakeLists.txt */ = {isa = PBXFileReference; fileEncoding = 4; lastKnownFileType = text; path = CMakeLists.txt; sourceTree = "<group>"; };
		03836F5F136EEE56006746F2 /* Jumper.cpp */ = {isa = PBXFileReference; fileEncoding = 4; lastKnownFileType = sourcecode.cpp.cpp; path = Jumper.cpp; sourceTree = "<group>"; };
		03836F60136EEE56006746F2 /* Jumper.h */ = {isa = PBXFileReference; fileEncoding = 4; lastKnownFileType = sourcecode.c.h; path = Jumper.h; sourceTree = "<group>"; };
		03836F61136EEE56006746F2 /* Main.cpp */ = {isa = PBXFileReference; fileEncoding = 4; lastKnownFileType = sourcecode.cpp.cpp; path = Main.cpp; sourceTree = "<group>"; };
		03836F63136EEE56006746F2 /* CMakeLists.txt */ = {isa = PBXFileReference; fileEncoding = 4; lastKnownFileType = text; path = CMakeLists.txt; sourceTree = "<group>"; };
		03836F64136EEE56006746F2 /* LevelEditorTest.cpp */ = {isa = PBXFileReference; fileEncoding = 4; lastKnownFileType = sourcecode.cpp.cpp; path = LevelEditorTest.cpp; sourceTree = "<group>"; };
		03836F65136EEE56006746F2 /* LevelEditorTest.h */ = {isa = PBXFileReference; fileEncoding = 4; lastKnownFileType = sourcecode.c.h; path = LevelEditorTest.h; sourceTree = "<group>"; };
		03836F66136EEE56006746F2 /* Main.cpp */ = {isa = PBXFileReference; fileEncoding = 4; lastKnownFileType = sourcecode.cpp.cpp; path = Main.cpp; sourceTree = "<group>"; };
		03836F69136EEE56006746F2 /* CMakeLists.txt */ = {isa = PBXFileReference; fileEncoding = 4; lastKnownFileType = text; path = CMakeLists.txt; sourceTree = "<group>"; };
		03836F6A136EEE56006746F2 /* Main.cpp */ = {isa = PBXFileReference; fileEncoding = 4; lastKnownFileType = sourcecode.cpp.cpp; path = Main.cpp; sourceTree = "<group>"; };
		03836F6B136EEE56006746F2 /* Ogmo.cpp */ = {isa = PBXFileReference; fileEncoding = 4; lastKnownFileType = sourcecode.cpp.cpp; path = Ogmo.cpp; sourceTree = "<group>"; };
		03836F6C136EEE56006746F2 /* Ogmo.h */ = {isa = PBXFileReference; fileEncoding = 4; lastKnownFileType = sourcecode.c.h; path = Ogmo.h; sourceTree = "<group>"; };
		03836F6E136EEE56006746F2 /* CMakeLists.txt */ = {isa = PBXFileReference; fileEncoding = 4; lastKnownFileType = text; path = CMakeLists.txt; sourceTree = "<group>"; };
		03836F6F136EEE56006746F2 /* Main.cpp */ = {isa = PBXFileReference; fileEncoding = 4; lastKnownFileType = sourcecode.cpp.cpp; path = Main.cpp; sourceTree = "<group>"; };
		03836F70136EEE56006746F2 /* Pong.cpp */ = {isa = PBXFileReference; fileEncoding = 4; lastKnownFileType = sourcecode.cpp.cpp; path = Pong.cpp; sourceTree = "<group>"; };
		03836F71136EEE56006746F2 /* Pong.h */ = {isa = PBXFileReference; fileEncoding = 4; lastKnownFileType = sourcecode.c.h; path = Pong.h; sourceTree = "<group>"; };
		03836F73136EEE56006746F2 /* CMakeLists.txt */ = {isa = PBXFileReference; fileEncoding = 4; lastKnownFileType = text; path = CMakeLists.txt; sourceTree = "<group>"; };
		03836F74136EEE56006746F2 /* Main.cpp */ = {isa = PBXFileReference; fileEncoding = 4; lastKnownFileType = sourcecode.cpp.cpp; path = Main.cpp; sourceTree = "<group>"; };
		03836F75136EEE56006746F2 /* PuppetTest.cpp */ = {isa = PBXFileReference; fileEncoding = 4; lastKnownFileType = sourcecode.cpp.cpp; path = PuppetTest.cpp; sourceTree = "<group>"; };
		03836F76136EEE56006746F2 /* PuppetTest.h */ = {isa = PBXFileReference; fileEncoding = 4; lastKnownFileType = sourcecode.c.h; path = PuppetTest.h; sourceTree = "<group>"; };
		03937802136EF6BE00118824 /* MonocleTests-Prefix.pch */ = {isa = PBXFileReference; fileEncoding = 4; lastKnownFileType = sourcecode.c.h; name = "MonocleTests-Prefix.pch"; path = "MonocleTests/MonocleTests-Prefix.pch"; sourceTree = SOURCE_ROOT; };
		03937803136EF6BE00118824 /* MonocleTests-Info.plist */ = {isa = PBXFileReference; fileEncoding = 4; lastKnownFileType = text.plist.xml; name = "MonocleTests-Info.plist"; path = "MonocleTests/MonocleTests-Info.plist"; sourceTree = SOURCE_ROOT; };
		03937808136EF6BE00118824 /* en */ = {isa = PBXFileReference; lastKnownFileType = text.plist.strings; name = en; path = MonocleTests/en.lproj/InfoPlist.strings; sourceTree = SOURCE_ROOT; };
/* End PBXFileReference section */

/* Begin PBXFrameworksBuildPhase section */
		03836F21136EED5D006746F2 /* Frameworks */ = {
			isa = PBXFrameworksBuildPhase;
			buildActionMask = 2147483647;
			files = (
				03836F4F136EEDE7006746F2 /* OpenAL.framework in Frameworks */,
				03836F50136EEDE7006746F2 /* OpenGL.framework in Frameworks */,
				03836F4C136EED83006746F2 /* libMonocle.a in Frameworks */,
				03836F29136EED5D006746F2 /* Cocoa.framework in Frameworks */,
			);
			runOnlyForDeploymentPostprocessing = 0;
		};
/* End PBXFrameworksBuildPhase section */

/* Begin PBXGroup section */
		0328BB99136EFC1F0031F7A3 /* Test Selector */ = {
			isa = PBXGroup;
			children = (
				0328BB9B136EFC3A0031F7A3 /* Main.cpp */,
			);
			name = "Test Selector";
			sourceTree = "<group>";
		};
		03836F19136EED5D006746F2 = {
			isa = PBXGroup;
			children = (
				03836F51136EEE56006746F2 /* Tests */,
				03836F4B136EED83006746F2 /* libMonocle.a */,
				03836F2E136EED5D006746F2 /* MonocleTests */,
				03836F27136EED5D006746F2 /* Frameworks */,
				03836F25136EED5D006746F2 /* Products */,
			);
			sourceTree = "<group>";
		};
		03836F25136EED5D006746F2 /* Products */ = {
			isa = PBXGroup;
			children = (
				0328BB95136EFBF50031F7A3 /* Monocle Tests.app */,
			);
			name = Products;
			sourceTree = "<group>";
		};
		03836F27136EED5D006746F2 /* Frameworks */ = {
			isa = PBXGroup;
			children = (
				03836F4D136EEDE7006746F2 /* OpenAL.framework */,
				03836F4E136EEDE7006746F2 /* OpenGL.framework */,
				03836F28136EED5D006746F2 /* Cocoa.framework */,
				03836F2A136EED5D006746F2 /* Other Frameworks */,
			);
			name = Frameworks;
			sourceTree = "<group>";
		};
		03836F2A136EED5D006746F2 /* Other Frameworks */ = {
			isa = PBXGroup;
			children = (
				03836F2B136EED5D006746F2 /* AppKit.framework */,
				03836F2C136EED5D006746F2 /* CoreData.framework */,
				03836F2D136EED5D006746F2 /* Foundation.framework */,
			);
			name = "Other Frameworks";
			sourceTree = "<group>";
		};
		03836F2E136EED5D006746F2 /* MonocleTests */ = {
			isa = PBXGroup;
			children = (
				03836F2F136EED5D006746F2 /* Supporting Files */,
			);
			path = MonocleTests;
			sourceTree = "<group>";
		};
		03836F2F136EED5D006746F2 /* Supporting Files */ = {
			isa = PBXGroup;
			children = (
				03937802136EF6BE00118824 /* MonocleTests-Prefix.pch */,
				03937803136EF6BE00118824 /* MonocleTests-Info.plist */,
				03937807136EF6BE00118824 /* InfoPlist.strings */,
			);
			name = "Supporting Files";
			sourceTree = "<group>";
		};
		03836F51136EEE56006746F2 /* Tests */ = {
			isa = PBXGroup;
			children = (
				0328BB99136EFC1F0031F7A3 /* Test Selector */,
				03836F52136EEE56006746F2 /* AudioTest */,
				03836F58136EEE56006746F2 /* Flash */,
				03836F5D136EEE56006746F2 /* Jumper */,
				03836F62136EEE56006746F2 /* LevelEditor */,
				03836F68136EEE56006746F2 /* Ogmo */,
				03836F6D136EEE56006746F2 /* Pong */,
				03836F72136EEE56006746F2 /* PuppetTest */,
			);
			name = Tests;
			path = ../../../../Tests;
			sourceTree = "<group>";
		};
		03836F52136EEE56006746F2 /* AudioTest */ = {
			isa = PBXGroup;
			children = (
				03836F53136EEE56006746F2 /* AudioTest.cpp */,
				03836F54136EEE56006746F2 /* AudioTest.h */,
				03836F56136EEE56006746F2 /* Main.cpp */,
			);
			path = AudioTest;
			sourceTree = "<group>";
		};
		03836F58136EEE56006746F2 /* Flash */ = {
			isa = PBXGroup;
			children = (
				03836F59136EEE56006746F2 /* CMakeLists.txt */,
				03836F5A136EEE56006746F2 /* Flash.cpp */,
				03836F5B136EEE56006746F2 /* Flash.h */,
				03836F5C136EEE56006746F2 /* Main.cpp */,
			);
			path = Flash;
			sourceTree = "<group>";
		};
		03836F5D136EEE56006746F2 /* Jumper */ = {
			isa = PBXGroup;
			children = (
				03836F5E136EEE56006746F2 /* CMakeLists.txt */,
				03836F5F136EEE56006746F2 /* Jumper.cpp */,
				03836F60136EEE56006746F2 /* Jumper.h */,
				03836F61136EEE56006746F2 /* Main.cpp */,
			);
			path = Jumper;
			sourceTree = "<group>";
		};
		03836F62136EEE56006746F2 /* LevelEditor */ = {
			isa = PBXGroup;
			children = (
				03836F63136EEE56006746F2 /* CMakeLists.txt */,
				03836F64136EEE56006746F2 /* LevelEditorTest.cpp */,
				03836F65136EEE56006746F2 /* LevelEditorTest.h */,
				03836F66136EEE56006746F2 /* Main.cpp */,
			);
			path = LevelEditor;
			sourceTree = "<group>";
		};
		03836F68136EEE56006746F2 /* Ogmo */ = {
			isa = PBXGroup;
			children = (
				03836F69136EEE56006746F2 /* CMakeLists.txt */,
				03836F6A136EEE56006746F2 /* Main.cpp */,
				03836F6B136EEE56006746F2 /* Ogmo.cpp */,
				03836F6C136EEE56006746F2 /* Ogmo.h */,
			);
			path = Ogmo;
			sourceTree = "<group>";
		};
		03836F6D136EEE56006746F2 /* Pong */ = {
			isa = PBXGroup;
			children = (
				03836F6E136EEE56006746F2 /* CMakeLists.txt */,
				03836F6F136EEE56006746F2 /* Main.cpp */,
				03836F70136EEE56006746F2 /* Pong.cpp */,
				03836F71136EEE56006746F2 /* Pong.h */,
			);
			path = Pong;
			sourceTree = "<group>";
		};
		03836F72136EEE56006746F2 /* PuppetTest */ = {
			isa = PBXGroup;
			children = (
				03836F73136EEE56006746F2 /* CMakeLists.txt */,
				03836F74136EEE56006746F2 /* Main.cpp */,
				03836F75136EEE56006746F2 /* PuppetTest.cpp */,
				03836F76136EEE56006746F2 /* PuppetTest.h */,
			);
			path = PuppetTest;
			sourceTree = "<group>";
		};
/* End PBXGroup section */

/* Begin PBXNativeTarget section */
		03836F23136EED5D006746F2 /* Monocle Tests */ = {
			isa = PBXNativeTarget;
			buildConfigurationList = 03836F42136EED5D006746F2 /* Build configuration list for PBXNativeTarget "Monocle Tests" */;
			buildPhases = (
				03836F20136EED5D006746F2 /* Sources */,
				03836F21136EED5D006746F2 /* Frameworks */,
				03836F22136EED5D006746F2 /* Resources */,
				03836FAB136EF225006746F2 /* ShellScript */,
			);
			buildRules = (
			);
			dependencies = (
			);
			name = "Monocle Tests";
			productName = "Monocle Tests";
			productReference = 0328BB95136EFBF50031F7A3 /* Monocle Tests.app */;
			productType = "com.apple.product-type.application";
		};
/* End PBXNativeTarget section */

/* Begin PBXProject section */
		03836F1B136EED5D006746F2 /* Project object */ = {
			isa = PBXProject;
			buildConfigurationList = 03836F1E136EED5D006746F2 /* Build configuration list for PBXProject "MonocleTests" */;
			compatibilityVersion = "Xcode 3.2";
			developmentRegion = English;
			hasScannedForEncodings = 0;
			knownRegions = (
				en,
			);
			mainGroup = 03836F19136EED5D006746F2;
			productRefGroup = 03836F25136EED5D006746F2 /* Products */;
			projectDirPath = "";
			projectRoot = "";
			targets = (
				03836F23136EED5D006746F2 /* Monocle Tests */,
			);
		};
/* End PBXProject section */

/* Begin PBXResourcesBuildPhase section */
		03836F22136EED5D006746F2 /* Resources */ = {
			isa = PBXResourcesBuildPhase;
			buildActionMask = 2147483647;
			files = (
				03937809136EF6BE00118824 /* MonocleTests-Info.plist in Resources */,
				0393780B136EF6BE00118824 /* InfoPlist.strings in Resources */,
			);
			runOnlyForDeploymentPostprocessing = 0;
		};
/* End PBXResourcesBuildPhase section */

/* Begin PBXShellScriptBuildPhase section */
		03836FAB136EF225006746F2 /* ShellScript */ = {
			isa = PBXShellScriptBuildPhase;
			buildActionMask = 12;
			files = (
			);
			inputPaths = (
			);
			outputPaths = (
			);
			runOnlyForDeploymentPostprocessing = 0;
			shellPath = /bin/sh;
			shellScript = "if ! ${MONOCLE_MAC_USE_CONTENT_PATH}\n    then\n    cp -r \"${MONOCLE_CONTENT_PATH}\" \"${BUILT_PRODUCTS_DIR}/${UNLOCALIZED_RESOURCES_FOLDER_PATH}/Content\"\nfi\n";
		};
/* End PBXShellScriptBuildPhase section */

/* Begin PBXSourcesBuildPhase section */
		03836F20136EED5D006746F2 /* Sources */ = {
			isa = PBXSourcesBuildPhase;
			buildActionMask = 2147483647;
			files = (
				03115128136EFAF2002E27C2 /* Flash.cpp in Sources */,
				0311512A136EFAF2002E27C2 /* Jumper.cpp in Sources */,
				0311512C136EFAF2002E27C2 /* LevelEditorTest.cpp in Sources */,
				0311512E136EFAF2002E27C2 /* Ogmo.cpp in Sources */,
				03115130136EFAF2002E27C2 /* Pong.cpp in Sources */,
				03115132136EFAF2002E27C2 /* PuppetTest.cpp in Sources */,
				03836F77136EEE56006746F2 /* AudioTest.cpp in Sources */,
				0328BB9D136EFC3B0031F7A3 /* Main.cpp in Sources */,
			);
			runOnlyForDeploymentPostprocessing = 0;
		};
/* End PBXSourcesBuildPhase section */

/* Begin PBXVariantGroup section */
		03937807136EF6BE00118824 /* InfoPlist.strings */ = {
			isa = PBXVariantGroup;
			children = (
				03937808136EF6BE00118824 /* en */,
			);
			name = InfoPlist.strings;
			sourceTree = "<group>";
		};
/* End PBXVariantGroup section */

/* Begin XCBuildConfiguration section */
		03836F40136EED5D006746F2 /* Debug */ = {
			isa = XCBuildConfiguration;
			buildSettings = {
				ARCHS = "$(ARCHS_STANDARD_32_64_BIT)";
				GCC_C_LANGUAGE_STANDARD = gnu99;
				GCC_OPTIMIZATION_LEVEL = 0;
				GCC_PREPROCESSOR_DEFINITIONS = DEBUG;
				GCC_SYMBOLS_PRIVATE_EXTERN = NO;
				GCC_VERSION = com.apple.compilers.llvm.clang.1_0;
				GCC_WARN_64_TO_32_BIT_CONVERSION = YES;
				GCC_WARN_ABOUT_RETURN_TYPE = YES;
				GCC_WARN_UNUSED_VARIABLE = YES;
				MACOSX_DEPLOYMENT_TARGET = 10.6;
				ONLY_ACTIVE_ARCH = YES;
				SDKROOT = macosx;
			};
			name = Debug;
		};
		03836F41136EED5D006746F2 /* Release */ = {
			isa = XCBuildConfiguration;
			buildSettings = {
				ARCHS = "$(ARCHS_STANDARD_32_64_BIT)";
				GCC_C_LANGUAGE_STANDARD = gnu99;
				GCC_VERSION = com.apple.compilers.llvm.clang.1_0;
				GCC_WARN_64_TO_32_BIT_CONVERSION = YES;
				GCC_WARN_ABOUT_RETURN_TYPE = YES;
				GCC_WARN_UNUSED_VARIABLE = YES;
				MACOSX_DEPLOYMENT_TARGET = 10.6;
				SDKROOT = macosx;
			};
			name = Release;
		};
		03836F43136EED5D006746F2 /* Debug */ = {
			isa = XCBuildConfiguration;
			buildSettings = {
				ALWAYS_SEARCH_USER_PATHS = NO;
				COPY_PHASE_STRIP = NO;
				GCC_DYNAMIC_NO_PIC = NO;
				GCC_ENABLE_OBJC_EXCEPTIONS = YES;
				GCC_PRECOMPILE_PREFIX_HEADER = YES;
				GCC_PREFIX_HEADER = "MonocleTests/MonocleTests-Prefix.pch";
				GCC_PREPROCESSOR_DEFINITIONS = (
					MONOCLE_TEST_SELECTOR,
					DEBUG,
					MONOCLE_MAC,
				);
				HEADER_SEARCH_PATHS = (
					"\"$(MONOCLE_LIBRARY_PATH)/Core\"",
					"\"$(MONOCLE_LIBRARY_PATH)/Libraries\"",
				);
				INFOPLIST_FILE = "MonocleTests/MonocleTests-Info.plist";
				MONOCLE_CONTENT_PATH = "$(MONOCLE_LIBRARY_PATH)/Content";
				MONOCLE_LIBRARY_PATH = "$(SRCROOT)/../../../..";
				MONOCLE_MAC_USE_CONTENT_PATH = true;
				PRODUCT_NAME = "$(TARGET_NAME)";
				WRAPPER_EXTENSION = app;
			};
			name = Debug;
		};
		03836F44136EED5D006746F2 /* Release */ = {
			isa = XCBuildConfiguration;
			buildSettings = {
				ALWAYS_SEARCH_USER_PATHS = NO;
				COPY_PHASE_STRIP = YES;
				DEBUG_INFORMATION_FORMAT = "dwarf-with-dsym";
				GCC_ENABLE_OBJC_EXCEPTIONS = YES;
				GCC_PRECOMPILE_PREFIX_HEADER = YES;
				GCC_PREFIX_HEADER = "MonocleTests/MonocleTests-Prefix.pch";
				GCC_PREPROCESSOR_DEFINITIONS = (
					MONOCLE_TEST_SELECTOR,
					MONOCLE_MAC,
				);
				HEADER_SEARCH_PATHS = (
					"\"$(MONOCLE_LIBRARY_PATH)/Core\"",
					"\"$(MONOCLE_LIBRARY_PATH)/Libraries\"",
				);
				INFOPLIST_FILE = "MonocleTests/MonocleTests-Info.plist";
				MONOCLE_CONTENT_PATH = "$(MONOCLE_LIBRARY_PATH)/Content";
				MONOCLE_LIBRARY_PATH = "$(SRCROOT)/../../../..";
				MONOCLE_MAC_USE_CONTENT_PATH = false;
				PRODUCT_NAME = "$(TARGET_NAME)";
				WRAPPER_EXTENSION = app;
			};
			name = Release;
		};
/* End XCBuildConfiguration section */

/* Begin XCConfigurationList section */
		03836F1E136EED5D006746F2 /* Build configuration list for PBXProject "MonocleTests" */ = {
			isa = XCConfigurationList;
			buildConfigurations = (
				03836F40136EED5D006746F2 /* Debug */,
				03836F41136EED5D006746F2 /* Release */,
			);
			defaultConfigurationIsVisible = 0;
			defaultConfigurationName = Release;
		};
		03836F42136EED5D006746F2 /* Build configuration list for PBXNativeTarget "Monocle Tests" */ = {
			isa = XCConfigurationList;
			buildConfigurations = (
				03836F43136EED5D006746F2 /* Debug */,
				03836F44136EED5D006746F2 /* Release */,
			);
			defaultConfigurationIsVisible = 0;
			defaultConfigurationName = Release;
		};
/* End XCConfigurationList section */
	};
	rootObject = 03836F1B136EED5D006746F2 /* Project object */;
}
