<?xml version="1.0" encoding="utf-8"?>
<Project ToolsVersion="4.0" xmlns="http://schemas.microsoft.com/developer/msbuild/2003">
  <ItemGroup>
    <Filter Include="Resource Files">
      <UniqueIdentifier>{67DA6AB6-F800-4c08-8B7A-83BB121AAD01}</UniqueIdentifier>
      <Extensions>rc;ico;cur;bmp;dlg;rc2;rct;bin;rgs;gif;jpg;jpeg;jpe;resx;tiff;tif;png;wav;mfcribbon-ms</Extensions>
    </Filter>
    <Filter Include="Monocle">
      <UniqueIdentifier>{93995380-89BD-4b04-88EB-625FBE52EBFB}</UniqueIdentifier>
      <Extensions>h;hpp;hxx;hm;inl;inc;xsd</Extensions>
    </Filter>
    <Filter Include="Monocle\Tests">
      <UniqueIdentifier>{108f55c5-9ca0-4a9b-9d2c-29a184c1ac10}</UniqueIdentifier>
    </Filter>
    <Filter Include="Monocle\Tests\Pong">
      <UniqueIdentifier>{a012267c-9d76-4faa-8f4f-8ce0d9f25d62}</UniqueIdentifier>
    </Filter>
    <Filter Include="Monocle\OpenGL">
      <UniqueIdentifier>{67e43894-0ffd-47d4-b06b-fe37a76b1e97}</UniqueIdentifier>
    </Filter>
    <Filter Include="Monocle\Colliders">
      <UniqueIdentifier>{a834cc3d-7677-41d6-a8ec-d21b830b4b57}</UniqueIdentifier>
    </Filter>
    <Filter Include="Monocle\OpenAL">
      <UniqueIdentifier>{ecaa9dfa-367d-4d2d-8d60-0aa9062531ee}</UniqueIdentifier>
    </Filter>
    <Filter Include="Monocle\Tests\Jumper">
      <UniqueIdentifier>{0cc35010-5a27-4319-bca8-8c4de55f63fc}</UniqueIdentifier>
    </Filter>
    <Filter Include="Monocle\Main">
      <UniqueIdentifier>{4FC737F1-C7A5-4376-A066-2A32D752A2FF}</UniqueIdentifier>
      <Extensions>cpp;c;cc;cxx;def;odl;idl;hpj;bat;asm;asmx</Extensions>
    </Filter>
    <Filter Include="Monocle\Graphics">
      <UniqueIdentifier>{5fa20246-a07a-4840-9919-412e07fc3951}</UniqueIdentifier>
    </Filter>
    <Filter Include="Monocle\Tests\Flash">
      <UniqueIdentifier>{e9cd7ea2-96d7-44a3-914e-4d3e4c08e98d}</UniqueIdentifier>
    </Filter>
    <Filter Include="Monocle\XML">
      <UniqueIdentifier>{d0da0306-c7a3-4393-8191-1d763d3e0f49}</UniqueIdentifier>
    </Filter>
    <Filter Include="Monocle\Tests\Ogmo">
      <UniqueIdentifier>{12a8ee66-4cba-4d3c-9b2c-5e16fe6b9487}</UniqueIdentifier>
    </Filter>
    <Filter Include="Monocle\LevelEditor">
      <UniqueIdentifier>{bbc21fce-4b4f-4566-9f94-f58bc48da817}</UniqueIdentifier>
    </Filter>
    <Filter Include="Monocle\Tests\FTE">
      <UniqueIdentifier>{f5cb9620-ef8b-41ac-ac96-cd2a8828c016}</UniqueIdentifier>
    </Filter>
    <Filter Include="Monocle\Tests\PuppetTest">
      <UniqueIdentifier>{f95e904c-8c80-42a9-bb9c-06324b935de5}</UniqueIdentifier>
    </Filter>
    <Filter Include="Monocle\Windows">
      <UniqueIdentifier>{42ca9d1a-a305-48b8-a843-81cb86cd8e2d}</UniqueIdentifier>
    </Filter>
    <Filter Include="Monocle\OpenGL\GL">
      <UniqueIdentifier>{9cd65049-d26f-435e-afd0-98483ae1c2eb}</UniqueIdentifier>
    </Filter>
  </ItemGroup>
  <ItemGroup>
    <ClInclude Include="..\..\..\..\Code\Vector3.h">
      <Filter>Monocle</Filter>
    </ClInclude>
    <ClInclude Include="..\..\..\..\Code\Asset.h">
      <Filter>Monocle</Filter>
    </ClInclude>
    <ClInclude Include="..\..\..\..\Code\Audio.h">
      <Filter>Monocle</Filter>
    </ClInclude>
    <ClInclude Include="..\..\..\..\Code\Collision.h">
      <Filter>Monocle</Filter>
    </ClInclude>
    <ClInclude Include="..\..\..\..\Code\Color.h">
      <Filter>Monocle</Filter>
    </ClInclude>
    <ClInclude Include="..\..\..\..\Code\Debug.h">
      <Filter>Monocle</Filter>
    </ClInclude>
    <ClInclude Include="..\..\..\..\Code\Editor.h">
      <Filter>Monocle</Filter>
    </ClInclude>
    <ClInclude Include="..\..\..\..\Code\Entity.h">
      <Filter>Monocle</Filter>
    </ClInclude>
    <ClInclude Include="..\..\..\..\Code\Graphics.h">
      <Filter>Monocle</Filter>
    </ClInclude>
    <ClInclude Include="..\..\..\..\Code\Input.h">
      <Filter>Monocle</Filter>
    </ClInclude>
    <ClInclude Include="..\..\..\..\Code\Monocle.h">
      <Filter>Monocle</Filter>
    </ClInclude>
    <ClInclude Include="..\..\..\..\Code\Platform.h">
      <Filter>Monocle</Filter>
    </ClInclude>
    <ClInclude Include="..\..\..\..\Code\Random.h">
      <Filter>Monocle</Filter>
    </ClInclude>
    <ClInclude Include="..\..\..\..\Code\Scene.h">
      <Filter>Monocle</Filter>
    </ClInclude>
    <ClInclude Include="..\..\..\..\Code\TextureAsset.h">
      <Filter>Monocle</Filter>
    </ClInclude>
    <ClInclude Include="..\..\..\..\Code\Tween.h">
      <Filter>Monocle</Filter>
    </ClInclude>
    <ClInclude Include="..\..\..\..\Code\Vector2.h">
      <Filter>Monocle</Filter>
    </ClInclude>
    <ClInclude Include="..\..\..\..\Code\Tests\Jumper\Jumper.h">
      <Filter>Monocle\Tests\Jumper</Filter>
    </ClInclude>
    <ClInclude Include="..\..\..\..\Code\Tests\Pong\Pong.h">
      <Filter>Monocle\Tests\Pong</Filter>
    </ClInclude>
    <ClInclude Include="..\..\..\..\Code\Colliders\CircleCollider.h">
      <Filter>Monocle\Colliders</Filter>
    </ClInclude>
    <ClInclude Include="..\..\..\..\Code\Colliders\Collider.h">
      <Filter>Monocle\Colliders</Filter>
    </ClInclude>
    <ClInclude Include="..\..\..\..\Code\Colliders\RectangleCollider.h">
      <Filter>Monocle\Colliders</Filter>
    </ClInclude>
    <ClInclude Include="..\..\..\..\Code\Graphics\Sprite.h">
      <Filter>Monocle\Graphics</Filter>
    </ClInclude>
    <ClInclude Include="..\..\..\..\Code\Assets.h">
      <Filter>Monocle</Filter>
    </ClInclude>
    <ClInclude Include="..\..\..\..\Code\Graphics\SpriteAnimation.h">
      <Filter>Monocle\Graphics</Filter>
    </ClInclude>
    <ClInclude Include="..\..\..\..\Code\Tests\Flash\Flash.h">
      <Filter>Monocle\Tests\Flash</Filter>
    </ClInclude>
    <ClInclude Include="..\..\..\..\Code\XML\tinyxml.h">
      <Filter>Monocle\XML</Filter>
    </ClInclude>
    <ClInclude Include="..\..\..\..\Code\GUI.h">
      <Filter>Monocle</Filter>
    </ClInclude>
    <ClInclude Include="..\..\..\..\Code\Game.h">
      <Filter>Monocle</Filter>
    </ClInclude>
    <ClInclude Include="..\..\..\..\Code\Level.h">
      <Filter>Monocle</Filter>
    </ClInclude>
    <ClInclude Include="..\..\..\..\Code\Graphics\Tilemap.h">
      <Filter>Monocle\Graphics</Filter>
    </ClInclude>
    <ClInclude Include="..\..\..\..\Code\Tileset.h">
      <Filter>Monocle</Filter>
    </ClInclude>
    <ClInclude Include="..\..\..\..\Code\Macros.h">
      <Filter>Monocle</Filter>
    </ClInclude>
    <ClInclude Include="..\..\..\..\Code\Tests\Ogmo\Ogmo.h">
      <Filter>Monocle\Tests\Ogmo</Filter>
    </ClInclude>
    <ClInclude Include="..\..\..\..\Code\Colliders\PolygonCollider.h">
      <Filter>Monocle\Colliders</Filter>
    </ClInclude>
    <ClInclude Include="..\..\..\..\Code\LevelEditor\FringeTile.h">
      <Filter>Monocle\LevelEditor</Filter>
    </ClInclude>
    <ClInclude Include="..\..\..\..\Code\Tests\FTE\FTE.h">
      <Filter>Monocle\Tests\FTE</Filter>
    </ClInclude>
    <ClInclude Include="..\..\..\..\Code\LevelEditor\PathMesh.h">
      <Filter>Monocle\LevelEditor</Filter>
    </ClInclude>
    <ClInclude Include="..\..\..\..\Code\XML\XMLFileNode.h">
      <Filter>Monocle\XML</Filter>
    </ClInclude>
    <ClInclude Include="..\..\..\..\Code\FileNode.h">
      <Filter>Monocle</Filter>
    </ClInclude>
    <ClInclude Include="..\..\..\..\Code\LevelEditor\Node.h">
      <Filter>Monocle\LevelEditor</Filter>
    </ClInclude>
    <ClInclude Include="..\..\..\..\Code\Colliders\PathCollider.h">
      <Filter>Monocle\Colliders</Filter>
    </ClInclude>
    <ClInclude Include="..\..\..\..\Code\CollisionData.h">
      <Filter>Monocle</Filter>
    </ClInclude>
    <ClInclude Include="..\..\..\..\Code\Transform.h">
      <Filter>Monocle</Filter>
    </ClInclude>
    <ClInclude Include="..\..\..\..\Code\Camera.h">
      <Filter>Monocle</Filter>
    </ClInclude>
    <ClInclude Include="..\..\..\..\Code\Tests\PuppetTest\Puppet.h">
      <Filter>Monocle\Tests\PuppetTest</Filter>
    </ClInclude>
    <ClInclude Include="..\..\..\..\Code\Tests\PuppetTest\PuppetTest.h">
      <Filter>Monocle\Tests\PuppetTest</Filter>
    </ClInclude>
    <ClInclude Include="..\..\..\..\Code\OpenGL\stb_truetype.h">
      <Filter>Monocle\OpenGL</Filter>
    </ClInclude>
    <ClInclude Include="..\..\..\..\Code\FontAsset.h">
      <Filter>Monocle</Filter>
    </ClInclude>
    <ClInclude Include="..\..\..\..\Code\TTFFontAsset.h">
      <Filter>Monocle</Filter>
    </ClInclude>
    <ClInclude Include="..\..\..\..\Code\Rect.h">
      <Filter>Monocle</Filter>
    </ClInclude>
    <ClInclude Include="..\..\..\..\Code\LevelEditor\LevelEditor.h">
      <Filter>Monocle\LevelEditor</Filter>
    </ClInclude>
    <ClInclude Include="..\..\..\..\Code\Windows\WindowsPlatform.h">
      <Filter>Monocle\Windows</Filter>
    </ClInclude>
    <ClInclude Include="..\..\..\..\Code\OpenGL\GL\glew.h">
      <Filter>Monocle\OpenGL\GL</Filter>
    </ClInclude>
    <ClInclude Include="..\..\..\..\Code\OpenGL\GL\glxew.h">
      <Filter>Monocle\OpenGL\GL</Filter>
    </ClInclude>
    <ClInclude Include="..\..\..\..\Code\OpenGL\GL\wglew.h">
      <Filter>Monocle\OpenGL\GL</Filter>
    </ClInclude>
  </ItemGroup>
  <ItemGroup>
    <ClCompile Include="..\..\..\..\Code\Asset.cpp">
      <Filter>Monocle</Filter>
    </ClCompile>
    <ClCompile Include="..\..\..\..\Code\Collision.cpp">
      <Filter>Monocle</Filter>
    </ClCompile>
    <ClCompile Include="..\..\..\..\Code\Color.cpp">
      <Filter>Monocle</Filter>
    </ClCompile>
    <ClCompile Include="..\..\..\..\Code\Debug.cpp">
      <Filter>Monocle</Filter>
    </ClCompile>
    <ClCompile Include="..\..\..\..\Code\Entity.cpp">
      <Filter>Monocle</Filter>
    </ClCompile>
    <ClCompile Include="..\..\..\..\Code\Input.cpp">
      <Filter>Monocle</Filter>
    </ClCompile>
    <ClCompile Include="..\..\..\..\Code\Monocle.cpp">
      <Filter>Monocle</Filter>
    </ClCompile>
    <ClCompile Include="..\..\..\..\Code\Random.cpp">
      <Filter>Monocle</Filter>
    </ClCompile>
    <ClCompile Include="..\..\..\..\Code\Scene.cpp">
      <Filter>Monocle</Filter>
    </ClCompile>
    <ClCompile Include="..\..\..\..\Code\Tween.cpp">
      <Filter>Monocle</Filter>
    </ClCompile>
    <ClCompile Include="..\..\..\..\Code\Vector2.cpp">
      <Filter>Monocle</Filter>
    </ClCompile>
    <ClCompile Include="..\..\..\..\Code\Vector3.cpp">
      <Filter>Monocle</Filter>
    </ClCompile>
    <ClCompile Include="..\..\..\..\Code\Tests\Jumper\Jumper.cpp">
      <Filter>Monocle\Tests\Jumper</Filter>
    </ClCompile>
    <ClCompile Include="..\..\..\..\Code\Tests\Pong\Pong.cpp">
      <Filter>Monocle\Tests\Pong</Filter>
    </ClCompile>
    <ClCompile Include="..\..\..\..\Code\OpenGL\OpenGLGraphics.cpp">
      <Filter>Monocle\OpenGL</Filter>
    </ClCompile>
    <ClCompile Include="..\..\..\..\Code\OpenGL\OpenGLTextureAsset.cpp">
      <Filter>Monocle\OpenGL</Filter>
    </ClCompile>
    <ClCompile Include="..\..\..\..\Code\OpenAL\OpenALAudio.cpp">
      <Filter>Monocle\OpenAL</Filter>
    </ClCompile>
    <ClCompile Include="..\..\..\..\Code\Colliders\CircleCollider.cpp">
      <Filter>Monocle\Colliders</Filter>
    </ClCompile>
    <ClCompile Include="..\..\..\..\Code\Colliders\Collider.cpp">
      <Filter>Monocle\Colliders</Filter>
    </ClCompile>
    <ClCompile Include="..\..\..\..\Code\Colliders\RectangleCollider.cpp">
      <Filter>Monocle\Colliders</Filter>
    </ClCompile>
    <ClCompile Include="..\..\..\..\Code\Main.cpp">
      <Filter>Monocle\Main</Filter>
    </ClCompile>
    <ClCompile Include="..\..\..\..\Code\Graphics\Sprite.cpp">
      <Filter>Monocle\Graphics</Filter>
    </ClCompile>
    <ClCompile Include="..\..\..\..\Code\Assets.cpp">
      <Filter>Monocle</Filter>
    </ClCompile>
    <ClCompile Include="..\..\..\..\Code\Graphics\SpriteAnimation.cpp">
      <Filter>Monocle\Graphics</Filter>
    </ClCompile>
    <ClCompile Include="..\..\..\..\Code\Tests\Flash\Flash.cpp">
      <Filter>Monocle\Tests\Flash</Filter>
    </ClCompile>
    <ClCompile Include="..\..\..\..\Code\XML\tinyxml.cpp">
      <Filter>Monocle\XML</Filter>
    </ClCompile>
    <ClCompile Include="..\..\..\..\Code\XML\tinyxmlerror.cpp">
      <Filter>Monocle\XML</Filter>
    </ClCompile>
    <ClCompile Include="..\..\..\..\Code\XML\tinyxmlparser.cpp">
      <Filter>Monocle\XML</Filter>
    </ClCompile>
    <ClCompile Include="..\..\..\..\Code\GUI.cpp">
      <Filter>Monocle</Filter>
    </ClCompile>
    <ClCompile Include="..\..\..\..\Code\Game.cpp">
      <Filter>Monocle</Filter>
    </ClCompile>
    <ClCompile Include="..\..\..\..\Code\Level.cpp">
      <Filter>Monocle</Filter>
    </ClCompile>
    <ClCompile Include="..\..\..\..\Code\Graphics\Tilemap.cpp">
      <Filter>Monocle\Graphics</Filter>
    </ClCompile>
    <ClCompile Include="..\..\..\..\Code\Tileset.cpp">
      <Filter>Monocle</Filter>
    </ClCompile>
    <ClCompile Include="..\..\..\..\Code\Tests\Ogmo\Ogmo.cpp">
      <Filter>Monocle\Tests\Ogmo</Filter>
    </ClCompile>
    <ClCompile Include="..\..\..\..\Code\Colliders\PolygonCollider.cpp">
      <Filter>Monocle\Colliders</Filter>
    </ClCompile>
    <ClCompile Include="..\..\..\..\Code\LevelEditor\FringeTile.cpp">
      <Filter>Monocle\LevelEditor</Filter>
    </ClCompile>
    <ClCompile Include="..\..\..\..\Code\Tests\FTE\FTE.cpp">
      <Filter>Monocle\Tests\FTE</Filter>
    </ClCompile>
    <ClCompile Include="..\..\..\..\Code\LevelEditor\PathMesh.cpp">
      <Filter>Monocle\LevelEditor</Filter>
    </ClCompile>
    <ClCompile Include="..\..\..\..\Code\XML\XMLFileNode.cpp">
      <Filter>Monocle\XML</Filter>
    </ClCompile>
    <ClCompile Include="..\..\..\..\Code\FileNode.cpp">
      <Filter>Monocle</Filter>
    </ClCompile>
    <ClCompile Include="..\..\..\..\Code\LevelEditor\Node.cpp">
      <Filter>Monocle\LevelEditor</Filter>
    </ClCompile>
    <ClCompile Include="..\..\..\..\Code\Colliders\PathCollider.cpp">
      <Filter>Monocle\Colliders</Filter>
    </ClCompile>
    <ClCompile Include="..\..\..\..\Code\CollisionData.cpp">
      <Filter>Monocle</Filter>
    </ClCompile>
    <ClCompile Include="..\..\..\..\Code\Transform.cpp">
      <Filter>Monocle</Filter>
    </ClCompile>
    <ClCompile Include="..\..\..\..\Code\Camera.cpp">
      <Filter>Monocle</Filter>
    </ClCompile>
    <ClCompile Include="..\..\..\..\Code\Tests\PuppetTest\Puppet.cpp">
      <Filter>Monocle\Tests\PuppetTest</Filter>
    </ClCompile>
    <ClCompile Include="..\..\..\..\Code\Tests\PuppetTest\PuppetTest.cpp">
      <Filter>Monocle\Tests\PuppetTest</Filter>
    </ClCompile>
    <ClCompile Include="..\..\..\..\Code\OpenGL\OpenGLTTFFontAsset.cpp">
      <Filter>Monocle\OpenGL</Filter>
    </ClCompile>
    <ClCompile Include="..\..\..\..\Code\Rect.cpp">
      <Filter>Monocle</Filter>
    </ClCompile>
    <ClCompile Include="..\..\..\..\Code\LevelEditor\LevelEditor.cpp">
      <Filter>Monocle\LevelEditor</Filter>
    </ClCompile>
    <ClCompile Include="..\..\..\..\Code\OpenGL\stb_image.c">
      <Filter>Monocle\OpenGL</Filter>
    </ClCompile>
    <ClCompile Include="..\..\..\..\Code\Windows\WindowsPlatform.cpp">
      <Filter>Monocle\Windows</Filter>
    </ClCompile>
    <ClCompile Include="..\..\..\..\Code\OpenGL\GL\glew.c">
      <Filter>Monocle\OpenGL\GL</Filter>
    </ClCompile>
  </ItemGroup>
</Project>