Microsoft Visual Studio Solution File, Format Version 8.00
Project("{8BC9CEB8-8B4A-11D0-8D11-00A0C91BC942}") = "cpptest", "cpptest\cpptest.vcproj", "{ED964EAB-86BC-4568-B3DE-66686C81BFF7}"
	ProjectSection(ProjectDependencies) = postProject
	EndProjectSection
EndProject
Project("{8BC9CEB8-8B4A-11D0-8D11-00A0C91BC942}") = "test", "test\test.vcproj", "{EB5416DB-8F21-437A-BCC5-541FFACBF441}"
	ProjectSection(ProjectDependencies) = postProject
		{ED964EAB-86BC-4568-B3DE-66686C81BFF7} = {ED964EAB-86BC-4568-B3DE-66686C81BFF7}
	EndProjectSection
EndProject
Global
	GlobalSection(SolutionConfiguration) = preSolution
		Debug = Debug
		Release = Release
	EndGlobalSection
	GlobalSection(ProjectConfiguration) = postSolution
		{ED964EAB-86BC-4568-B3DE-66686C81BFF7}.Debug.ActiveCfg = Debug|Win32
		{ED964EAB-86BC-4568-B3DE-66686C81BFF7}.Debug.Build.0 = Debug|Win32
		{ED964EAB-86BC-4568-B3DE-66686C81BFF7}.Release.ActiveCfg = Release|Win32
		{ED964EAB-86BC-4568-B3DE-66686C81BFF7}.Release.Build.0 = Release|Win32
		{EB5416DB-8F21-437A-BCC5-541FFACBF441}.Debug.ActiveCfg = Debug|Win32
		{EB5416DB-8F21-437A-BCC5-541FFACBF441}.Debug.Build.0 = Debug|Win32
		{EB5416DB-8F21-437A-BCC5-541FFACBF441}.Release.ActiveCfg = Release|Win32
		{EB5416DB-8F21-437A-BCC5-541FFACBF441}.Release.Build.0 = Release|Win32
	EndGlobalSection
	GlobalSection(ExtensibilityGlobals) = postSolution
	EndGlobalSection
	GlobalSection(ExtensibilityAddIns) = postSolution
	EndGlobalSection
EndGlobal
