// !$*UTF8*$!
{
	archiveVersion = 1;
	classes = {
	};
	objectVersion = 46;
	objects = {

/* Begin PBXBuildFile section */
		3782F004133864AD0042BAE7 /* CocoaKeys.mm in Sources */ = {isa = PBXBuildFile; fileRef = 3782F003133864AD0042BAE7 /* CocoaKeys.mm */; };
		37AABF3613333E29004E2D56 /* Assets.cpp in Sources */ = {isa = PBXBuildFile; fileRef = 37AABF3413333E29004E2D56 /* Assets.cpp */; };
		37AABF381333478A004E2D56 /* Main.cpp in Sources */ = {isa = PBXBuildFile; fileRef = 37AABF371333478A004E2D56 /* Main.cpp */; };
		37B192931335995600D2D264 /* CocoaPlatform.mm in Sources */ = {isa = PBXBuildFile; fileRef = 37B192921335995600D2D264 /* CocoaPlatform.mm */; };
		37B1929713359BE600D2D264 /* Flash.cpp in Sources */ = {isa = PBXBuildFile; fileRef = 37B1929513359BE600D2D264 /* Flash.cpp */; };
		37B1929D13359C9D00D2D264 /* tinyxml.cpp in Sources */ = {isa = PBXBuildFile; fileRef = 37B1929913359C9D00D2D264 /* tinyxml.cpp */; };
		37B1929E13359C9D00D2D264 /* tinyxmlerror.cpp in Sources */ = {isa = PBXBuildFile; fileRef = 37B1929B13359C9D00D2D264 /* tinyxmlerror.cpp */; };
		37B1929F13359C9D00D2D264 /* tinyxmlparser.cpp in Sources */ = {isa = PBXBuildFile; fileRef = 37B1929C13359C9D00D2D264 /* tinyxmlparser.cpp */; };
		37B192B41335A9C200D2D264 /* CocoaOpenGL.mm in Sources */ = {isa = PBXBuildFile; fileRef = 37B192B31335A9C200D2D264 /* CocoaOpenGL.mm */; };
		37B192B71335B0E800D2D264 /* CocoaEvents.mm in Sources */ = {isa = PBXBuildFile; fileRef = 37B192B61335B0E800D2D264 /* CocoaEvents.mm */; };
		37B192C013361FDA00D2D264 /* CocoaWindowListener.mm in Sources */ = {isa = PBXBuildFile; fileRef = 37B192BF13361FDA00D2D264 /* CocoaWindowListener.mm */; };
		37CAD629133259DD009BC5F3 /* Sprite.cpp in Sources */ = {isa = PBXBuildFile; fileRef = 37CAD627133259DD009BC5F3 /* Sprite.cpp */; };
		37EA249B132F986900D216B0 /* Cocoa.framework in Frameworks */ = {isa = PBXBuildFile; fileRef = 37EA249A132F986900D216B0 /* Cocoa.framework */; };
		37EA24A5132F986900D216B0 /* InfoPlist.strings in Resources */ = {isa = PBXBuildFile; fileRef = 37EA24A3132F986900D216B0 /* InfoPlist.strings */; };
		37FB698013317693008963C1 /* Asset.cpp in Sources */ = {isa = PBXBuildFile; fileRef = 37FB691413317693008963C1 /* Asset.cpp */; };
		37FB698213317693008963C1 /* CircleCollider.cpp in Sources */ = {isa = PBXBuildFile; fileRef = 37FB691A13317693008963C1 /* CircleCollider.cpp */; };
		37FB698313317693008963C1 /* Collider.cpp in Sources */ = {isa = PBXBuildFile; fileRef = 37FB691C13317693008963C1 /* Collider.cpp */; };
		37FB698413317693008963C1 /* RectangleCollider.cpp in Sources */ = {isa = PBXBuildFile; fileRef = 37FB691E13317693008963C1 /* RectangleCollider.cpp */; };
		37FB698513317693008963C1 /* Collision.cpp in Sources */ = {isa = PBXBuildFile; fileRef = 37FB692013317693008963C1 /* Collision.cpp */; };
		37FB698613317693008963C1 /* Color.cpp in Sources */ = {isa = PBXBuildFile; fileRef = 37FB692213317693008963C1 /* Color.cpp */; };
		37FB698813317693008963C1 /* Debug.cpp in Sources */ = {isa = PBXBuildFile; fileRef = 37FB692613317693008963C1 /* Debug.cpp */; };
		37FB698913317693008963C1 /* Entity.cpp in Sources */ = {isa = PBXBuildFile; fileRef = 37FB692913317693008963C1 /* Entity.cpp */; };
		37FB698A13317693008963C1 /* Input.cpp in Sources */ = {isa = PBXBuildFile; fileRef = 37FB692C13317693008963C1 /* Input.cpp */; };
		37FB699213317693008963C1 /* Monocle.cpp in Sources */ = {isa = PBXBuildFile; fileRef = 37FB693913317693008963C1 /* Monocle.cpp */; };
		37FB699313317693008963C1 /* OpenALAudio.cpp in Sources */ = {isa = PBXBuildFile; fileRef = 37FB693C13317693008963C1 /* OpenALAudio.cpp */; };
		37FB699413317693008963C1 /* glpng.c in Sources */ = {isa = PBXBuildFile; fileRef = 37FB693F13317693008963C1 /* glpng.c */; };
		37FB699513317693008963C1 /* png.c in Sources */ = {isa = PBXBuildFile; fileRef = 37FB694213317693008963C1 /* png.c */; };
		37FB699613317693008963C1 /* pngerror.c in Sources */ = {isa = PBXBuildFile; fileRef = 37FB694513317693008963C1 /* pngerror.c */; };
		37FB699713317693008963C1 /* pngget.c in Sources */ = {isa = PBXBuildFile; fileRef = 37FB694613317693008963C1 /* pngget.c */; };
		37FB699813317693008963C1 /* pngmem.c in Sources */ = {isa = PBXBuildFile; fileRef = 37FB694713317693008963C1 /* pngmem.c */; };
		37FB699913317693008963C1 /* pngpread.c in Sources */ = {isa = PBXBuildFile; fileRef = 37FB694813317693008963C1 /* pngpread.c */; };
		37FB699A13317693008963C1 /* pngread.c in Sources */ = {isa = PBXBuildFile; fileRef = 37FB694913317693008963C1 /* pngread.c */; };
		37FB699B13317693008963C1 /* pngrio.c in Sources */ = {isa = PBXBuildFile; fileRef = 37FB694A13317693008963C1 /* pngrio.c */; };
		37FB699C13317693008963C1 /* pngrtran.c in Sources */ = {isa = PBXBuildFile; fileRef = 37FB694B13317693008963C1 /* pngrtran.c */; };
		37FB699D13317693008963C1 /* pngrutil.c in Sources */ = {isa = PBXBuildFile; fileRef = 37FB694C13317693008963C1 /* pngrutil.c */; };
		37FB699E13317693008963C1 /* pngset.c in Sources */ = {isa = PBXBuildFile; fileRef = 37FB694D13317693008963C1 /* pngset.c */; };
		37FB699F13317693008963C1 /* pngtrans.c in Sources */ = {isa = PBXBuildFile; fileRef = 37FB694E13317693008963C1 /* pngtrans.c */; };
		37FB69A013317693008963C1 /* adler32.c in Sources */ = {isa = PBXBuildFile; fileRef = 37FB695013317693008963C1 /* adler32.c */; };
		37FB69A113317693008963C1 /* compress.c in Sources */ = {isa = PBXBuildFile; fileRef = 37FB695113317693008963C1 /* compress.c */; };
		37FB69A213317693008963C1 /* crc32.c in Sources */ = {isa = PBXBuildFile; fileRef = 37FB695213317693008963C1 /* crc32.c */; };
		37FB69A313317693008963C1 /* deflate.c in Sources */ = {isa = PBXBuildFile; fileRef = 37FB695413317693008963C1 /* deflate.c */; };
		37FB69A413317693008963C1 /* gzio.c in Sources */ = {isa = PBXBuildFile; fileRef = 37FB695613317693008963C1 /* gzio.c */; };
		37FB69A513317693008963C1 /* infback.c in Sources */ = {isa = PBXBuildFile; fileRef = 37FB695713317693008963C1 /* infback.c */; };
		37FB69A613317693008963C1 /* inffast.c in Sources */ = {isa = PBXBuildFile; fileRef = 37FB695813317693008963C1 /* inffast.c */; };
		37FB69A713317693008963C1 /* inflate.c in Sources */ = {isa = PBXBuildFile; fileRef = 37FB695B13317693008963C1 /* inflate.c */; };
		37FB69A813317693008963C1 /* inftrees.c in Sources */ = {isa = PBXBuildFile; fileRef = 37FB695D13317693008963C1 /* inftrees.c */; };
		37FB69A913317693008963C1 /* trees.c in Sources */ = {isa = PBXBuildFile; fileRef = 37FB695F13317693008963C1 /* trees.c */; };
		37FB69AA13317693008963C1 /* uncompr.c in Sources */ = {isa = PBXBuildFile; fileRef = 37FB696113317693008963C1 /* uncompr.c */; };
		37FB69AB13317693008963C1 /* zutil.c in Sources */ = {isa = PBXBuildFile; fileRef = 37FB696413317693008963C1 /* zutil.c */; };
		37FB69AC13317693008963C1 /* OpenGLGraphics.cpp in Sources */ = {isa = PBXBuildFile; fileRef = 37FB696613317693008963C1 /* OpenGLGraphics.cpp */; };
		37FB69AD13317693008963C1 /* OpenGLTextureAsset.cpp in Sources */ = {isa = PBXBuildFile; fileRef = 37FB696713317693008963C1 /* OpenGLTextureAsset.cpp */; };
		37FB69AE13317693008963C1 /* Random.cpp in Sources */ = {isa = PBXBuildFile; fileRef = 37FB696913317693008963C1 /* Random.cpp */; };
		37FB69AF13317693008963C1 /* Scene.cpp in Sources */ = {isa = PBXBuildFile; fileRef = 37FB696B13317693008963C1 /* Scene.cpp */; };
		37FB69B113317693008963C1 /* Jumper.cpp in Sources */ = {isa = PBXBuildFile; fileRef = 37FB697113317693008963C1 /* Jumper.cpp */; };
		37FB69B313317693008963C1 /* Pong.cpp in Sources */ = {isa = PBXBuildFile; fileRef = 37FB697713317693008963C1 /* Pong.cpp */; };
		37FB69B413317693008963C1 /* Tween.cpp in Sources */ = {isa = PBXBuildFile; fileRef = 37FB697A13317693008963C1 /* Tween.cpp */; };
		37FB69B513317693008963C1 /* Vector2.cpp in Sources */ = {isa = PBXBuildFile; fileRef = 37FB697C13317693008963C1 /* Vector2.cpp */; };
		37FB69B613317693008963C1 /* Vector3.cpp in Sources */ = {isa = PBXBuildFile; fileRef = 37FB697E13317693008963C1 /* Vector3.cpp */; };
		37FB69B813319030008963C1 /* OpenGL.framework in Frameworks */ = {isa = PBXBuildFile; fileRef = 37FB69B713319030008963C1 /* OpenGL.framework */; };
		6657ED15133F9E8F00ACA1E2 /* FTE.cpp in Sources */ = {isa = PBXBuildFile; fileRef = 6657ED13133F9E8F00ACA1E2 /* FTE.cpp */; };
		D881B50013445142008EF89C /* Node.cpp in Sources */ = {isa = PBXBuildFile; fileRef = D881B4FE13445142008EF89C /* Node.cpp */; };
		F9132A0A13499ED200567EAB /* PathCollider.cpp in Sources */ = {isa = PBXBuildFile; fileRef = F9132A0813499ED200567EAB /* PathCollider.cpp */; };
		F9132A11134A0D8200567EAB /* Transform.cpp in Sources */ = {isa = PBXBuildFile; fileRef = F9132A0F134A0D8200567EAB /* Transform.cpp */; };
		F9132A14134A0D8C00567EAB /* Camera.cpp in Sources */ = {isa = PBXBuildFile; fileRef = F9132A12134A0D8C00567EAB /* Camera.cpp */; };
		F9257DC81338235100A47E00 /* Game.cpp in Sources */ = {isa = PBXBuildFile; fileRef = F9257DC61338235100A47E00 /* Game.cpp */; };
		F9257DCD1338236300A47E00 /* Level.cpp in Sources */ = {isa = PBXBuildFile; fileRef = F9257DCB1338236300A47E00 /* Level.cpp */; };
		F9257DD41338237600A47E00 /* SpriteAnimation.cpp in Sources */ = {isa = PBXBuildFile; fileRef = F9257DD01338237600A47E00 /* SpriteAnimation.cpp */; };
		F9257DD51338237600A47E00 /* Tilemap.cpp in Sources */ = {isa = PBXBuildFile; fileRef = F9257DD21338237600A47E00 /* Tilemap.cpp */; };
		F9257DE1133823AA00A47E00 /* Tileset.cpp in Sources */ = {isa = PBXBuildFile; fileRef = F9257DDF133823AA00A47E00 /* Tileset.cpp */; };
		F9257DFB133823E100A47E00 /* Ogmo.cpp in Sources */ = {isa = PBXBuildFile; fileRef = F9257DF9133823E100A47E00 /* Ogmo.cpp */; };
		F947BBDE134C943600952C81 /* Puppet.cpp in Sources */ = {isa = PBXBuildFile; fileRef = F947BBDA134C943600952C81 /* Puppet.cpp */; };
		F947BBDF134C943600952C81 /* PuppetTest.cpp in Sources */ = {isa = PBXBuildFile; fileRef = F947BBDC134C943600952C81 /* PuppetTest.cpp */; };
		F9F7D5D4133B0D57002953B0 /* PolygonCollider.cpp in Sources */ = {isa = PBXBuildFile; fileRef = F9F7D5D2133B0D57002953B0 /* PolygonCollider.cpp */; };
		F9F7D600133D3F3C002953B0 /* FringeTile.cpp in Sources */ = {isa = PBXBuildFile; fileRef = F9F7D5FA133D3F3C002953B0 /* FringeTile.cpp */; };
		F9F7D601133D3F3C002953B0 /* FringeTileEditor.cpp in Sources */ = {isa = PBXBuildFile; fileRef = F9F7D5FC133D3F3C002953B0 /* FringeTileEditor.cpp */; };
		F9F7D602133D3F3C002953B0 /* LevelEditor.cpp in Sources */ = {isa = PBXBuildFile; fileRef = F9F7D5FE133D3F3C002953B0 /* LevelEditor.cpp */; };
		F9F7D63A13457F3B002953B0 /* XMLFileNode.cpp in Sources */ = {isa = PBXBuildFile; fileRef = F9F7D63813457F3B002953B0 /* XMLFileNode.cpp */; };
		F9F7D63D13457F46002953B0 /* FileNode.cpp in Sources */ = {isa = PBXBuildFile; fileRef = F9F7D63B13457F46002953B0 /* FileNode.cpp */; };
		F9F7D64313457F5C002953B0 /* PathMesh.cpp in Sources */ = {isa = PBXBuildFile; fileRef = F9F7D64113457F5C002953B0 /* PathMesh.cpp */; };
/* End PBXBuildFile section */

/* Begin PBXFileReference section */
		3763773913385C7B003608BB /* GUI.cpp */ = {isa = PBXFileReference; fileEncoding = 4; lastKnownFileType = sourcecode.cpp.cpp; name = GUI.cpp; path = ../../../Code/GUI.cpp; sourceTree = "<group>"; };
		3763773A13385C7B003608BB /* GUI.h */ = {isa = PBXFileReference; fileEncoding = 4; lastKnownFileType = sourcecode.c.h; name = GUI.h; path = ../../../Code/GUI.h; sourceTree = "<group>"; };
		3782F002133864AD0042BAE7 /* CocoaKeys.h */ = {isa = PBXFileReference; fileEncoding = 4; lastKnownFileType = sourcecode.c.h; name = CocoaKeys.h; path = ../../../Code/Cocoa/CocoaKeys.h; sourceTree = "<group>"; };
		3782F003133864AD0042BAE7 /* CocoaKeys.mm */ = {isa = PBXFileReference; fileEncoding = 4; lastKnownFileType = sourcecode.cpp.objcpp; name = CocoaKeys.mm; path = ../../../Code/Cocoa/CocoaKeys.mm; sourceTree = "<group>"; };
		37AABF3413333E29004E2D56 /* Assets.cpp */ = {isa = PBXFileReference; fileEncoding = 4; lastKnownFileType = sourcecode.cpp.cpp; name = Assets.cpp; path = ../../../Code/Assets.cpp; sourceTree = "<group>"; };
		37AABF3513333E29004E2D56 /* Assets.h */ = {isa = PBXFileReference; fileEncoding = 4; lastKnownFileType = sourcecode.c.h; name = Assets.h; path = ../../../Code/Assets.h; sourceTree = "<group>"; };
		37AABF371333478A004E2D56 /* Main.cpp */ = {isa = PBXFileReference; fileEncoding = 4; lastKnownFileType = sourcecode.cpp.cpp; name = Main.cpp; path = ../../../Code/Main.cpp; sourceTree = "<group>"; };
		37B192911335995600D2D264 /* CocoaPlatform.h */ = {isa = PBXFileReference; fileEncoding = 4; lastKnownFileType = sourcecode.c.h; name = CocoaPlatform.h; path = ../../../Code/Cocoa/CocoaPlatform.h; sourceTree = "<group>"; };
		37B192921335995600D2D264 /* CocoaPlatform.mm */ = {isa = PBXFileReference; fileEncoding = 4; lastKnownFileType = sourcecode.cpp.objcpp; name = CocoaPlatform.mm; path = ../../../Code/Cocoa/CocoaPlatform.mm; sourceTree = "<group>"; };
		37B1929513359BE600D2D264 /* Flash.cpp */ = {isa = PBXFileReference; fileEncoding = 4; lastKnownFileType = sourcecode.cpp.cpp; path = Flash.cpp; sourceTree = "<group>"; };
		37B1929613359BE600D2D264 /* Flash.h */ = {isa = PBXFileReference; fileEncoding = 4; lastKnownFileType = sourcecode.c.h; path = Flash.h; sourceTree = "<group>"; };
		37B1929913359C9D00D2D264 /* tinyxml.cpp */ = {isa = PBXFileReference; fileEncoding = 4; lastKnownFileType = sourcecode.cpp.cpp; path = tinyxml.cpp; sourceTree = "<group>"; };
		37B1929A13359C9D00D2D264 /* tinyxml.h */ = {isa = PBXFileReference; fileEncoding = 4; lastKnownFileType = sourcecode.c.h; path = tinyxml.h; sourceTree = "<group>"; };
		37B1929B13359C9D00D2D264 /* tinyxmlerror.cpp */ = {isa = PBXFileReference; fileEncoding = 4; lastKnownFileType = sourcecode.cpp.cpp; path = tinyxmlerror.cpp; sourceTree = "<group>"; };
		37B1929C13359C9D00D2D264 /* tinyxmlparser.cpp */ = {isa = PBXFileReference; fileEncoding = 4; lastKnownFileType = sourcecode.cpp.cpp; path = tinyxmlparser.cpp; sourceTree = "<group>"; };
		37B192B21335A9C200D2D264 /* CocoaOpenGL.h */ = {isa = PBXFileReference; fileEncoding = 4; lastKnownFileType = sourcecode.c.h; name = CocoaOpenGL.h; path = ../../../Code/Cocoa/CocoaOpenGL.h; sourceTree = "<group>"; };
		37B192B31335A9C200D2D264 /* CocoaOpenGL.mm */ = {isa = PBXFileReference; fileEncoding = 4; lastKnownFileType = sourcecode.cpp.objcpp; name = CocoaOpenGL.mm; path = ../../../Code/Cocoa/CocoaOpenGL.mm; sourceTree = "<group>"; };
		37B192B51335B0E800D2D264 /* CocoaEvents.h */ = {isa = PBXFileReference; fileEncoding = 4; lastKnownFileType = sourcecode.c.h; name = CocoaEvents.h; path = ../../../Code/Cocoa/CocoaEvents.h; sourceTree = "<group>"; };
		37B192B61335B0E800D2D264 /* CocoaEvents.mm */ = {isa = PBXFileReference; fileEncoding = 4; lastKnownFileType = sourcecode.cpp.objcpp; name = CocoaEvents.mm; path = ../../../Code/Cocoa/CocoaEvents.mm; sourceTree = "<group>"; };
		37B192BE13361FD900D2D264 /* CocoaWindowListener.h */ = {isa = PBXFileReference; fileEncoding = 4; lastKnownFileType = sourcecode.c.h; name = CocoaWindowListener.h; path = ../../../Code/Cocoa/CocoaWindowListener.h; sourceTree = "<group>"; };
		37B192BF13361FDA00D2D264 /* CocoaWindowListener.mm */ = {isa = PBXFileReference; fileEncoding = 4; lastKnownFileType = sourcecode.cpp.objcpp; name = CocoaWindowListener.mm; path = ../../../Code/Cocoa/CocoaWindowListener.mm; sourceTree = "<group>"; };
		37CAD627133259DD009BC5F3 /* Sprite.cpp */ = {isa = PBXFileReference; fileEncoding = 4; lastKnownFileType = sourcecode.cpp.cpp; name = Sprite.cpp; path = ../../../Code/Graphics/Sprite.cpp; sourceTree = "<group>"; };
		37CAD628133259DD009BC5F3 /* Sprite.h */ = {isa = PBXFileReference; fileEncoding = 4; lastKnownFileType = sourcecode.c.h; name = Sprite.h; path = ../../../Code/Graphics/Sprite.h; sourceTree = "<group>"; };
		37EA2496132F986900D216B0 /* MonocleTest.app */ = {isa = PBXFileReference; explicitFileType = wrapper.application; includeInIndex = 0; path = MonocleTest.app; sourceTree = BUILT_PRODUCTS_DIR; };
		37EA249A132F986900D216B0 /* Cocoa.framework */ = {isa = PBXFileReference; lastKnownFileType = wrapper.framework; name = Cocoa.framework; path = System/Library/Frameworks/Cocoa.framework; sourceTree = SDKROOT; };
		37EA249D132F986900D216B0 /* AppKit.framework */ = {isa = PBXFileReference; lastKnownFileType = wrapper.framework; name = AppKit.framework; path = System/Library/Frameworks/AppKit.framework; sourceTree = SDKROOT; };
		37EA249E132F986900D216B0 /* CoreData.framework */ = {isa = PBXFileReference; lastKnownFileType = wrapper.framework; name = CoreData.framework; path = System/Library/Frameworks/CoreData.framework; sourceTree = SDKROOT; };
		37EA249F132F986900D216B0 /* Foundation.framework */ = {isa = PBXFileReference; lastKnownFileType = wrapper.framework; name = Foundation.framework; path = System/Library/Frameworks/Foundation.framework; sourceTree = SDKROOT; };
		37EA24A2132F986900D216B0 /* MonocleTest-Info.plist */ = {isa = PBXFileReference; lastKnownFileType = text.plist.xml; path = "MonocleTest-Info.plist"; sourceTree = "<group>"; };
		37EA24A4132F986900D216B0 /* en */ = {isa = PBXFileReference; lastKnownFileType = text.plist.strings; name = en; path = en.lproj/InfoPlist.strings; sourceTree = "<group>"; };
		37EA24A6132F986900D216B0 /* MonocleTest-Prefix.pch */ = {isa = PBXFileReference; lastKnownFileType = sourcecode.c.h; path = "MonocleTest-Prefix.pch"; sourceTree = "<group>"; };
		37FB691413317693008963C1 /* Asset.cpp */ = {isa = PBXFileReference; fileEncoding = 4; lastKnownFileType = sourcecode.cpp.cpp; name = Asset.cpp; path = ../../../Code/Asset.cpp; sourceTree = "<group>"; };
		37FB691513317693008963C1 /* Asset.h */ = {isa = PBXFileReference; fileEncoding = 4; lastKnownFileType = sourcecode.c.h; name = Asset.h; path = ../../../Code/Asset.h; sourceTree = "<group>"; };
		37FB691813317693008963C1 /* Audio.h */ = {isa = PBXFileReference; fileEncoding = 4; lastKnownFileType = sourcecode.c.h; name = Audio.h; path = ../../../Code/Audio.h; sourceTree = "<group>"; };
		37FB691A13317693008963C1 /* CircleCollider.cpp */ = {isa = PBXFileReference; fileEncoding = 4; lastKnownFileType = sourcecode.cpp.cpp; path = CircleCollider.cpp; sourceTree = "<group>"; };
		37FB691B13317693008963C1 /* CircleCollider.h */ = {isa = PBXFileReference; fileEncoding = 4; lastKnownFileType = sourcecode.c.h; path = CircleCollider.h; sourceTree = "<group>"; };
		37FB691C13317693008963C1 /* Collider.cpp */ = {isa = PBXFileReference; fileEncoding = 4; lastKnownFileType = sourcecode.cpp.cpp; path = Collider.cpp; sourceTree = "<group>"; };
		37FB691D13317693008963C1 /* Collider.h */ = {isa = PBXFileReference; fileEncoding = 4; lastKnownFileType = sourcecode.c.h; path = Collider.h; sourceTree = "<group>"; };
		37FB691E13317693008963C1 /* RectangleCollider.cpp */ = {isa = PBXFileReference; fileEncoding = 4; lastKnownFileType = sourcecode.cpp.cpp; path = RectangleCollider.cpp; sourceTree = "<group>"; };
		37FB691F13317693008963C1 /* RectangleCollider.h */ = {isa = PBXFileReference; fileEncoding = 4; lastKnownFileType = sourcecode.c.h; path = RectangleCollider.h; sourceTree = "<group>"; };
		37FB692013317693008963C1 /* Collision.cpp */ = {isa = PBXFileReference; fileEncoding = 4; lastKnownFileType = sourcecode.cpp.cpp; name = Collision.cpp; path = ../../../Code/Collision.cpp; sourceTree = "<group>"; };
		37FB692113317693008963C1 /* Collision.h */ = {isa = PBXFileReference; fileEncoding = 4; lastKnownFileType = sourcecode.c.h; name = Collision.h; path = ../../../Code/Collision.h; sourceTree = "<group>"; };
		37FB692213317693008963C1 /* Color.cpp */ = {isa = PBXFileReference; fileEncoding = 4; lastKnownFileType = sourcecode.cpp.cpp; name = Color.cpp; path = ../../../Code/Color.cpp; sourceTree = "<group>"; };
		37FB692313317693008963C1 /* Color.h */ = {isa = PBXFileReference; fileEncoding = 4; lastKnownFileType = sourcecode.c.h; name = Color.h; path = ../../../Code/Color.h; sourceTree = "<group>"; };
		37FB692613317693008963C1 /* Debug.cpp */ = {isa = PBXFileReference; fileEncoding = 4; lastKnownFileType = sourcecode.cpp.cpp; name = Debug.cpp; path = ../../../Code/Debug.cpp; sourceTree = "<group>"; };
		37FB692713317693008963C1 /* Debug.h */ = {isa = PBXFileReference; fileEncoding = 4; lastKnownFileType = sourcecode.c.h; name = Debug.h; path = ../../../Code/Debug.h; sourceTree = "<group>"; };
		37FB692813317693008963C1 /* Editor.h */ = {isa = PBXFileReference; fileEncoding = 4; lastKnownFileType = sourcecode.c.h; name = Editor.h; path = ../../../Code/Editor.h; sourceTree = "<group>"; };
		37FB692913317693008963C1 /* Entity.cpp */ = {isa = PBXFileReference; fileEncoding = 4; lastKnownFileType = sourcecode.cpp.cpp; name = Entity.cpp; path = ../../../Code/Entity.cpp; sourceTree = "<group>"; };
		37FB692A13317693008963C1 /* Entity.h */ = {isa = PBXFileReference; fileEncoding = 4; lastKnownFileType = sourcecode.c.h; name = Entity.h; path = ../../../Code/Entity.h; sourceTree = "<group>"; };
		37FB692B13317693008963C1 /* Graphics.h */ = {isa = PBXFileReference; fileEncoding = 4; lastKnownFileType = sourcecode.c.h; name = Graphics.h; path = ../../../Code/Graphics.h; sourceTree = "<group>"; };
		37FB692C13317693008963C1 /* Input.cpp */ = {isa = PBXFileReference; fileEncoding = 4; lastKnownFileType = sourcecode.cpp.cpp; name = Input.cpp; path = ../../../Code/Input.cpp; sourceTree = "<group>"; };
		37FB692D13317693008963C1 /* Input.h */ = {isa = PBXFileReference; fileEncoding = 4; lastKnownFileType = sourcecode.c.h; name = Input.h; path = ../../../Code/Input.h; sourceTree = "<group>"; };
		37FB693913317693008963C1 /* Monocle.cpp */ = {isa = PBXFileReference; fileEncoding = 4; lastKnownFileType = sourcecode.cpp.cpp; name = Monocle.cpp; path = ../../../Code/Monocle.cpp; sourceTree = "<group>"; };
		37FB693A13317693008963C1 /* Monocle.h */ = {isa = PBXFileReference; fileEncoding = 4; lastKnownFileType = sourcecode.c.h; name = Monocle.h; path = ../../../Code/Monocle.h; sourceTree = "<group>"; };
		37FB693C13317693008963C1 /* OpenALAudio.cpp */ = {isa = PBXFileReference; fileEncoding = 4; lastKnownFileType = sourcecode.cpp.cpp; path = OpenALAudio.cpp; sourceTree = "<group>"; };
		37FB693F13317693008963C1 /* glpng.c */ = {isa = PBXFileReference; fileEncoding = 4; lastKnownFileType = sourcecode.c.c; path = glpng.c; sourceTree = "<group>"; };
		37FB694013317693008963C1 /* glpng.h */ = {isa = PBXFileReference; fileEncoding = 4; lastKnownFileType = sourcecode.c.h; path = glpng.h; sourceTree = "<group>"; };
		37FB694213317693008963C1 /* png.c */ = {isa = PBXFileReference; fileEncoding = 4; lastKnownFileType = sourcecode.c.c; path = png.c; sourceTree = "<group>"; };
		37FB694313317693008963C1 /* png.h */ = {isa = PBXFileReference; fileEncoding = 4; lastKnownFileType = sourcecode.c.h; path = png.h; sourceTree = "<group>"; };
		37FB694413317693008963C1 /* pngconf.h */ = {isa = PBXFileReference; fileEncoding = 4; lastKnownFileType = sourcecode.c.h; path = pngconf.h; sourceTree = "<group>"; };
		37FB694513317693008963C1 /* pngerror.c */ = {isa = PBXFileReference; fileEncoding = 4; lastKnownFileType = sourcecode.c.c; path = pngerror.c; sourceTree = "<group>"; };
		37FB694613317693008963C1 /* pngget.c */ = {isa = PBXFileReference; fileEncoding = 4; lastKnownFileType = sourcecode.c.c; path = pngget.c; sourceTree = "<group>"; };
		37FB694713317693008963C1 /* pngmem.c */ = {isa = PBXFileReference; fileEncoding = 4; lastKnownFileType = sourcecode.c.c; path = pngmem.c; sourceTree = "<group>"; };
		37FB694813317693008963C1 /* pngpread.c */ = {isa = PBXFileReference; fileEncoding = 4; lastKnownFileType = sourcecode.c.c; path = pngpread.c; sourceTree = "<group>"; };
		37FB694913317693008963C1 /* pngread.c */ = {isa = PBXFileReference; fileEncoding = 4; lastKnownFileType = sourcecode.c.c; path = pngread.c; sourceTree = "<group>"; };
		37FB694A13317693008963C1 /* pngrio.c */ = {isa = PBXFileReference; fileEncoding = 4; lastKnownFileType = sourcecode.c.c; path = pngrio.c; sourceTree = "<group>"; };
		37FB694B13317693008963C1 /* pngrtran.c */ = {isa = PBXFileReference; fileEncoding = 4; lastKnownFileType = sourcecode.c.c; path = pngrtran.c; sourceTree = "<group>"; };
		37FB694C13317693008963C1 /* pngrutil.c */ = {isa = PBXFileReference; fileEncoding = 4; lastKnownFileType = sourcecode.c.c; path = pngrutil.c; sourceTree = "<group>"; };
		37FB694D13317693008963C1 /* pngset.c */ = {isa = PBXFileReference; fileEncoding = 4; lastKnownFileType = sourcecode.c.c; path = pngset.c; sourceTree = "<group>"; };
		37FB694E13317693008963C1 /* pngtrans.c */ = {isa = PBXFileReference; fileEncoding = 4; lastKnownFileType = sourcecode.c.c; path = pngtrans.c; sourceTree = "<group>"; };
		37FB695013317693008963C1 /* adler32.c */ = {isa = PBXFileReference; fileEncoding = 4; lastKnownFileType = sourcecode.c.c; path = adler32.c; sourceTree = "<group>"; };
		37FB695113317693008963C1 /* compress.c */ = {isa = PBXFileReference; fileEncoding = 4; lastKnownFileType = sourcecode.c.c; path = compress.c; sourceTree = "<group>"; };
		37FB695213317693008963C1 /* crc32.c */ = {isa = PBXFileReference; fileEncoding = 4; lastKnownFileType = sourcecode.c.c; path = crc32.c; sourceTree = "<group>"; };
		37FB695313317693008963C1 /* crc32.h */ = {isa = PBXFileReference; fileEncoding = 4; lastKnownFileType = sourcecode.c.h; path = crc32.h; sourceTree = "<group>"; };
		37FB695413317693008963C1 /* deflate.c */ = {isa = PBXFileReference; fileEncoding = 4; lastKnownFileType = sourcecode.c.c; path = deflate.c; sourceTree = "<group>"; };
		37FB695513317693008963C1 /* deflate.h */ = {isa = PBXFileReference; fileEncoding = 4; lastKnownFileType = sourcecode.c.h; path = deflate.h; sourceTree = "<group>"; };
		37FB695613317693008963C1 /* gzio.c */ = {isa = PBXFileReference; fileEncoding = 4; lastKnownFileType = sourcecode.c.c; path = gzio.c; sourceTree = "<group>"; };
		37FB695713317693008963C1 /* infback.c */ = {isa = PBXFileReference; fileEncoding = 4; lastKnownFileType = sourcecode.c.c; path = infback.c; sourceTree = "<group>"; };
		37FB695813317693008963C1 /* inffast.c */ = {isa = PBXFileReference; fileEncoding = 4; lastKnownFileType = sourcecode.c.c; path = inffast.c; sourceTree = "<group>"; };
		37FB695913317693008963C1 /* inffast.h */ = {isa = PBXFileReference; fileEncoding = 4; lastKnownFileType = sourcecode.c.h; path = inffast.h; sourceTree = "<group>"; };
		37FB695A13317693008963C1 /* inffixed.h */ = {isa = PBXFileReference; fileEncoding = 4; lastKnownFileType = sourcecode.c.h; path = inffixed.h; sourceTree = "<group>"; };
		37FB695B13317693008963C1 /* inflate.c */ = {isa = PBXFileReference; fileEncoding = 4; lastKnownFileType = sourcecode.c.c; path = inflate.c; sourceTree = "<group>"; };
		37FB695C13317693008963C1 /* inflate.h */ = {isa = PBXFileReference; fileEncoding = 4; lastKnownFileType = sourcecode.c.h; path = inflate.h; sourceTree = "<group>"; };
		37FB695D13317693008963C1 /* inftrees.c */ = {isa = PBXFileReference; fileEncoding = 4; lastKnownFileType = sourcecode.c.c; path = inftrees.c; sourceTree = "<group>"; };
		37FB695E13317693008963C1 /* inftrees.h */ = {isa = PBXFileReference; fileEncoding = 4; lastKnownFileType = sourcecode.c.h; path = inftrees.h; sourceTree = "<group>"; };
		37FB695F13317693008963C1 /* trees.c */ = {isa = PBXFileReference; fileEncoding = 4; lastKnownFileType = sourcecode.c.c; path = trees.c; sourceTree = "<group>"; };
		37FB696013317693008963C1 /* trees.h */ = {isa = PBXFileReference; fileEncoding = 4; lastKnownFileType = sourcecode.c.h; path = trees.h; sourceTree = "<group>"; };
		37FB696113317693008963C1 /* uncompr.c */ = {isa = PBXFileReference; fileEncoding = 4; lastKnownFileType = sourcecode.c.c; path = uncompr.c; sourceTree = "<group>"; };
		37FB696213317693008963C1 /* zconf.h */ = {isa = PBXFileReference; fileEncoding = 4; lastKnownFileType = sourcecode.c.h; path = zconf.h; sourceTree = "<group>"; };
		37FB696313317693008963C1 /* zlib.h */ = {isa = PBXFileReference; fileEncoding = 4; lastKnownFileType = sourcecode.c.h; path = zlib.h; sourceTree = "<group>"; };
		37FB696413317693008963C1 /* zutil.c */ = {isa = PBXFileReference; fileEncoding = 4; lastKnownFileType = sourcecode.c.c; path = zutil.c; sourceTree = "<group>"; };
		37FB696513317693008963C1 /* zutil.h */ = {isa = PBXFileReference; fileEncoding = 4; lastKnownFileType = sourcecode.c.h; path = zutil.h; sourceTree = "<group>"; };
		37FB696613317693008963C1 /* OpenGLGraphics.cpp */ = {isa = PBXFileReference; fileEncoding = 4; lastKnownFileType = sourcecode.cpp.cpp; path = OpenGLGraphics.cpp; sourceTree = "<group>"; };
		37FB696713317693008963C1 /* OpenGLTextureAsset.cpp */ = {isa = PBXFileReference; fileEncoding = 4; lastKnownFileType = sourcecode.cpp.cpp; path = OpenGLTextureAsset.cpp; sourceTree = "<group>"; };
		37FB696813317693008963C1 /* Platform.h */ = {isa = PBXFileReference; fileEncoding = 4; lastKnownFileType = sourcecode.c.h; name = Platform.h; path = ../../../Code/Platform.h; sourceTree = "<group>"; };
		37FB696913317693008963C1 /* Random.cpp */ = {isa = PBXFileReference; fileEncoding = 4; lastKnownFileType = sourcecode.cpp.cpp; name = Random.cpp; path = ../../../Code/Random.cpp; sourceTree = "<group>"; };
		37FB696A13317693008963C1 /* Random.h */ = {isa = PBXFileReference; fileEncoding = 4; lastKnownFileType = sourcecode.c.h; name = Random.h; path = ../../../Code/Random.h; sourceTree = "<group>"; };
		37FB696B13317693008963C1 /* Scene.cpp */ = {isa = PBXFileReference; fileEncoding = 4; lastKnownFileType = sourcecode.cpp.cpp; name = Scene.cpp; path = ../../../Code/Scene.cpp; sourceTree = "<group>"; };
		37FB696C13317693008963C1 /* Scene.h */ = {isa = PBXFileReference; fileEncoding = 4; lastKnownFileType = sourcecode.c.h; name = Scene.h; path = ../../../Code/Scene.h; sourceTree = "<group>"; };
		37FB697113317693008963C1 /* Jumper.cpp */ = {isa = PBXFileReference; fileEncoding = 4; lastKnownFileType = sourcecode.cpp.cpp; path = Jumper.cpp; sourceTree = "<group>"; };
		37FB697213317693008963C1 /* Jumper.h */ = {isa = PBXFileReference; fileEncoding = 4; lastKnownFileType = sourcecode.c.h; path = Jumper.h; sourceTree = "<group>"; };
		37FB697713317693008963C1 /* Pong.cpp */ = {isa = PBXFileReference; fileEncoding = 4; lastKnownFileType = sourcecode.cpp.cpp; path = Pong.cpp; sourceTree = "<group>"; };
		37FB697813317693008963C1 /* Pong.h */ = {isa = PBXFileReference; fileEncoding = 4; lastKnownFileType = sourcecode.c.h; path = Pong.h; sourceTree = "<group>"; };
		37FB697913317693008963C1 /* TextureAsset.h */ = {isa = PBXFileReference; fileEncoding = 4; lastKnownFileType = sourcecode.c.h; name = TextureAsset.h; path = ../../../Code/TextureAsset.h; sourceTree = "<group>"; };
		37FB697A13317693008963C1 /* Tween.cpp */ = {isa = PBXFileReference; fileEncoding = 4; lastKnownFileType = sourcecode.cpp.cpp; name = Tween.cpp; path = ../../../Code/Tween.cpp; sourceTree = "<group>"; };
		37FB697B13317693008963C1 /* Tween.h */ = {isa = PBXFileReference; fileEncoding = 4; lastKnownFileType = sourcecode.c.h; name = Tween.h; path = ../../../Code/Tween.h; sourceTree = "<group>"; };
		37FB697C13317693008963C1 /* Vector2.cpp */ = {isa = PBXFileReference; fileEncoding = 4; lastKnownFileType = sourcecode.cpp.cpp; name = Vector2.cpp; path = ../../../Code/Vector2.cpp; sourceTree = "<group>"; };
		37FB697D13317693008963C1 /* Vector2.h */ = {isa = PBXFileReference; fileEncoding = 4; lastKnownFileType = sourcecode.c.h; name = Vector2.h; path = ../../../Code/Vector2.h; sourceTree = "<group>"; };
		37FB697E13317693008963C1 /* Vector3.cpp */ = {isa = PBXFileReference; fileEncoding = 4; lastKnownFileType = sourcecode.cpp.cpp; name = Vector3.cpp; path = ../../../Code/Vector3.cpp; sourceTree = "<group>"; };
		37FB697F13317693008963C1 /* Vector3.h */ = {isa = PBXFileReference; fileEncoding = 4; lastKnownFileType = sourcecode.c.h; name = Vector3.h; path = ../../../Code/Vector3.h; sourceTree = "<group>"; };
		37FB69B713319030008963C1 /* OpenGL.framework */ = {isa = PBXFileReference; lastKnownFileType = wrapper.framework; name = OpenGL.framework; path = System/Library/Frameworks/OpenGL.framework; sourceTree = SDKROOT; };
		6657ED13133F9E8F00ACA1E2 /* FTE.cpp */ = {isa = PBXFileReference; fileEncoding = 4; lastKnownFileType = sourcecode.cpp.cpp; path = FTE.cpp; sourceTree = "<group>"; };
		6657ED14133F9E8F00ACA1E2 /* FTE.h */ = {isa = PBXFileReference; fileEncoding = 4; lastKnownFileType = sourcecode.c.h; path = FTE.h; sourceTree = "<group>"; };
		D876F29413456E7500A021D8 /* PathMesh.cpp */ = {isa = PBXFileReference; fileEncoding = 4; lastKnownFileType = sourcecode.cpp.cpp; name = PathMesh.cpp; path = ../../../Code/LevelEditor/PathMesh.cpp; sourceTree = "<group>"; };
		D876F29513456E7500A021D8 /* PathMesh.h */ = {isa = PBXFileReference; fileEncoding = 4; lastKnownFileType = sourcecode.c.h; name = PathMesh.h; path = ../../../Code/LevelEditor/PathMesh.h; sourceTree = "<group>"; };
		D876F29713456E9900A021D8 /* XMLFileNode.cpp */ = {isa = PBXFileReference; fileEncoding = 4; lastKnownFileType = sourcecode.cpp.cpp; path = XMLFileNode.cpp; sourceTree = "<group>"; };
		D876F29813456E9900A021D8 /* XMLFileNode.h */ = {isa = PBXFileReference; fileEncoding = 4; lastKnownFileType = sourcecode.c.h; path = XMLFileNode.h; sourceTree = "<group>"; };
		D881B4FE13445142008EF89C /* Node.cpp */ = {isa = PBXFileReference; fileEncoding = 4; lastKnownFileType = sourcecode.cpp.cpp; name = Node.cpp; path = ../../../Code/LevelEditor/Node.cpp; sourceTree = "<group>"; };
		D881B4FF13445142008EF89C /* Node.h */ = {isa = PBXFileReference; fileEncoding = 4; lastKnownFileType = sourcecode.c.h; name = Node.h; path = ../../../Code/LevelEditor/Node.h; sourceTree = "<group>"; };
		F9132A0813499ED200567EAB /* PathCollider.cpp */ = {isa = PBXFileReference; fileEncoding = 4; lastKnownFileType = sourcecode.cpp.cpp; path = PathCollider.cpp; sourceTree = "<group>"; };
		F9132A0913499ED200567EAB /* PathCollider.h */ = {isa = PBXFileReference; fileEncoding = 4; lastKnownFileType = sourcecode.c.h; path = PathCollider.h; sourceTree = "<group>"; };
		F9132A0F134A0D8200567EAB /* Transform.cpp */ = {isa = PBXFileReference; fileEncoding = 4; lastKnownFileType = sourcecode.cpp.cpp; name = Transform.cpp; path = ../../../Code/Transform.cpp; sourceTree = SOURCE_ROOT; };
		F9132A10134A0D8200567EAB /* Transform.h */ = {isa = PBXFileReference; fileEncoding = 4; lastKnownFileType = sourcecode.c.h; name = Transform.h; path = ../../../Code/Transform.h; sourceTree = SOURCE_ROOT; };
		F9132A12134A0D8C00567EAB /* Camera.cpp */ = {isa = PBXFileReference; fileEncoding = 4; lastKnownFileType = sourcecode.cpp.cpp; name = Camera.cpp; path = ../../../Code/Camera.cpp; sourceTree = SOURCE_ROOT; };
		F9132A13134A0D8C00567EAB /* Camera.h */ = {isa = PBXFileReference; fileEncoding = 4; lastKnownFileType = sourcecode.c.h; name = Camera.h; path = ../../../Code/Camera.h; sourceTree = SOURCE_ROOT; };
		F9257DC61338235100A47E00 /* Game.cpp */ = {isa = PBXFileReference; fileEncoding = 4; lastKnownFileType = sourcecode.cpp.cpp; name = Game.cpp; path = ../../../Code/Game.cpp; sourceTree = SOURCE_ROOT; };
		F9257DC71338235100A47E00 /* Game.h */ = {isa = PBXFileReference; fileEncoding = 4; lastKnownFileType = sourcecode.c.h; name = Game.h; path = ../../../Code/Game.h; sourceTree = SOURCE_ROOT; };
		F9257DCB1338236300A47E00 /* Level.cpp */ = {isa = PBXFileReference; fileEncoding = 4; lastKnownFileType = sourcecode.cpp.cpp; name = Level.cpp; path = ../../../Code/Level.cpp; sourceTree = SOURCE_ROOT; };
		F9257DCC1338236300A47E00 /* Level.h */ = {isa = PBXFileReference; fileEncoding = 4; lastKnownFileType = sourcecode.c.h; name = Level.h; path = ../../../Code/Level.h; sourceTree = SOURCE_ROOT; };
		F9257DD01338237600A47E00 /* SpriteAnimation.cpp */ = {isa = PBXFileReference; fileEncoding = 4; lastKnownFileType = sourcecode.cpp.cpp; name = SpriteAnimation.cpp; path = ../../../Code/Graphics/SpriteAnimation.cpp; sourceTree = SOURCE_ROOT; };
		F9257DD11338237600A47E00 /* SpriteAnimation.h */ = {isa = PBXFileReference; fileEncoding = 4; lastKnownFileType = sourcecode.c.h; name = SpriteAnimation.h; path = ../../../Code/Graphics/SpriteAnimation.h; sourceTree = SOURCE_ROOT; };
		F9257DD21338237600A47E00 /* Tilemap.cpp */ = {isa = PBXFileReference; fileEncoding = 4; lastKnownFileType = sourcecode.cpp.cpp; name = Tilemap.cpp; path = ../../../Code/Graphics/Tilemap.cpp; sourceTree = SOURCE_ROOT; };
		F9257DD31338237600A47E00 /* Tilemap.h */ = {isa = PBXFileReference; fileEncoding = 4; lastKnownFileType = sourcecode.c.h; name = Tilemap.h; path = ../../../Code/Graphics/Tilemap.h; sourceTree = SOURCE_ROOT; };
		F9257DDF133823AA00A47E00 /* Tileset.cpp */ = {isa = PBXFileReference; fileEncoding = 4; lastKnownFileType = sourcecode.cpp.cpp; name = Tileset.cpp; path = ../../../Code/Tileset.cpp; sourceTree = SOURCE_ROOT; };
		F9257DE0133823AA00A47E00 /* Tileset.h */ = {isa = PBXFileReference; fileEncoding = 4; lastKnownFileType = sourcecode.c.h; name = Tileset.h; path = ../../../Code/Tileset.h; sourceTree = SOURCE_ROOT; };
		F9257DF9133823E100A47E00 /* Ogmo.cpp */ = {isa = PBXFileReference; fileEncoding = 4; lastKnownFileType = sourcecode.cpp.cpp; name = Ogmo.cpp; path = Ogmo/Ogmo.cpp; sourceTree = "<group>"; };
		F9257DFA133823E100A47E00 /* Ogmo.h */ = {isa = PBXFileReference; fileEncoding = 4; lastKnownFileType = sourcecode.c.h; name = Ogmo.h; path = Ogmo/Ogmo.h; sourceTree = "<group>"; };
		F947BBDA134C943600952C81 /* Puppet.cpp */ = {isa = PBXFileReference; fileEncoding = 4; lastKnownFileType = sourcecode.cpp.cpp; name = Puppet.cpp; path = PuppetTest/Puppet.cpp; sourceTree = "<group>"; };
		F947BBDB134C943600952C81 /* Puppet.h */ = {isa = PBXFileReference; fileEncoding = 4; lastKnownFileType = sourcecode.c.h; name = Puppet.h; path = PuppetTest/Puppet.h; sourceTree = "<group>"; };
		F947BBDC134C943600952C81 /* PuppetTest.cpp */ = {isa = PBXFileReference; fileEncoding = 4; lastKnownFileType = sourcecode.cpp.cpp; name = PuppetTest.cpp; path = PuppetTest/PuppetTest.cpp; sourceTree = "<group>"; };
		F947BBDD134C943600952C81 /* PuppetTest.h */ = {isa = PBXFileReference; fileEncoding = 4; lastKnownFileType = sourcecode.c.h; name = PuppetTest.h; path = PuppetTest/PuppetTest.h; sourceTree = "<group>"; };
		F947BBE0134CBACD00952C81 /* Macros.h */ = {isa = PBXFileReference; fileEncoding = 4; lastKnownFileType = sourcecode.c.h; name = Macros.h; path = ../../../Code/Macros.h; sourceTree = "<group>"; };
		F9F7D5D2133B0D57002953B0 /* PolygonCollider.cpp */ = {isa = PBXFileReference; fileEncoding = 4; lastKnownFileType = sourcecode.cpp.cpp; path = PolygonCollider.cpp; sourceTree = "<group>"; };
		F9F7D5D3133B0D57002953B0 /* PolygonCollider.h */ = {isa = PBXFileReference; fileEncoding = 4; lastKnownFileType = sourcecode.c.h; path = PolygonCollider.h; sourceTree = "<group>"; };
		F9F7D5FA133D3F3C002953B0 /* FringeTile.cpp */ = {isa = PBXFileReference; fileEncoding = 4; lastKnownFileType = sourcecode.cpp.cpp; name = FringeTile.cpp; path = ../../../Code/LevelEditor/FringeTile.cpp; sourceTree = SOURCE_ROOT; };
		F9F7D5FB133D3F3C002953B0 /* FringeTile.h */ = {isa = PBXFileReference; fileEncoding = 4; lastKnownFileType = sourcecode.c.h; name = FringeTile.h; path = ../../../Code/LevelEditor/FringeTile.h; sourceTree = SOURCE_ROOT; };
		F9F7D5FC133D3F3C002953B0 /* FringeTileEditor.cpp */ = {isa = PBXFileReference; fileEncoding = 4; lastKnownFileType = sourcecode.cpp.cpp; name = FringeTileEditor.cpp; path = ../../../Code/LevelEditor/FringeTileEditor.cpp; sourceTree = SOURCE_ROOT; };
		F9F7D5FD133D3F3C002953B0 /* FringeTileEditor.h */ = {isa = PBXFileReference; fileEncoding = 4; lastKnownFileType = sourcecode.c.h; name = FringeTileEditor.h; path = ../../../Code/LevelEditor/FringeTileEditor.h; sourceTree = SOURCE_ROOT; };
		F9F7D5FE133D3F3C002953B0 /* LevelEditor.cpp */ = {isa = PBXFileReference; fileEncoding = 4; lastKnownFileType = sourcecode.cpp.cpp; name = LevelEditor.cpp; path = ../../../Code/LevelEditor/LevelEditor.cpp; sourceTree = SOURCE_ROOT; };
		F9F7D5FF133D3F3C002953B0 /* LevelEditor.h */ = {isa = PBXFileReference; fileEncoding = 4; lastKnownFileType = sourcecode.c.h; name = LevelEditor.h; path = ../../../Code/LevelEditor/LevelEditor.h; sourceTree = SOURCE_ROOT; };
		F9F7D63813457F3B002953B0 /* XMLFileNode.cpp */ = {isa = PBXFileReference; fileEncoding = 4; lastKnownFileType = sourcecode.cpp.cpp; path = XMLFileNode.cpp; sourceTree = "<group>"; };
		F9F7D63913457F3B002953B0 /* XMLFileNode.h */ = {isa = PBXFileReference; fileEncoding = 4; lastKnownFileType = sourcecode.c.h; path = XMLFileNode.h; sourceTree = "<group>"; };
		F9F7D63B13457F46002953B0 /* FileNode.cpp */ = {isa = PBXFileReference; fileEncoding = 4; lastKnownFileType = sourcecode.cpp.cpp; name = FileNode.cpp; path = ../../../Code/FileNode.cpp; sourceTree = SOURCE_ROOT; };
		F9F7D63C13457F46002953B0 /* FileNode.h */ = {isa = PBXFileReference; fileEncoding = 4; lastKnownFileType = sourcecode.c.h; name = FileNode.h; path = ../../../Code/FileNode.h; sourceTree = SOURCE_ROOT; };
		F9F7D64113457F5C002953B0 /* PathMesh.cpp */ = {isa = PBXFileReference; fileEncoding = 4; lastKnownFileType = sourcecode.cpp.cpp; name = PathMesh.cpp; path = ../../../Code/LevelEditor/PathMesh.cpp; sourceTree = SOURCE_ROOT; };
		F9F7D64213457F5C002953B0 /* PathMesh.h */ = {isa = PBXFileReference; fileEncoding = 4; lastKnownFileType = sourcecode.c.h; name = PathMesh.h; path = ../../../Code/LevelEditor/PathMesh.h; sourceTree = SOURCE_ROOT; };
/* End PBXFileReference section */

/* Begin PBXFrameworksBuildPhase section */
		37EA2493132F986900D216B0 /* Frameworks */ = {
			isa = PBXFrameworksBuildPhase;
			buildActionMask = 2147483647;
			files = (
				37FB69B813319030008963C1 /* OpenGL.framework in Frameworks */,
				37EA249B132F986900D216B0 /* Cocoa.framework in Frameworks */,
			);
			runOnlyForDeploymentPostprocessing = 0;
		};
/* End PBXFrameworksBuildPhase section */

/* Begin PBXGroup section */
		37B1929413359BE600D2D264 /* Flash */ = {
			isa = PBXGroup;
			children = (
				37B1929513359BE600D2D264 /* Flash.cpp */,
				37B1929613359BE600D2D264 /* Flash.h */,
			);
			path = Flash;
			sourceTree = "<group>";
		};
		37B1929813359C9D00D2D264 /* XML */ = {
			isa = PBXGroup;
			children = (
				F9F7D63813457F3B002953B0 /* XMLFileNode.cpp */,
				F9F7D63913457F3B002953B0 /* XMLFileNode.h */,
				37B1929913359C9D00D2D264 /* tinyxml.cpp */,
				37B1929A13359C9D00D2D264 /* tinyxml.h */,
				37B1929B13359C9D00D2D264 /* tinyxmlerror.cpp */,
				37B1929C13359C9D00D2D264 /* tinyxmlparser.cpp */,
				D876F29713456E9900A021D8 /* XMLFileNode.cpp */,
				D876F29813456E9900A021D8 /* XMLFileNode.h */,
			);
			name = XML;
			path = ../../../Code/XML;
			sourceTree = "<group>";
		};
		37CAD62513325648009BC5F3 /* Cocoa */ = {
			isa = PBXGroup;
			children = (
				37B192B51335B0E800D2D264 /* CocoaEvents.h */,
				37B192B61335B0E800D2D264 /* CocoaEvents.mm */,
				3782F002133864AD0042BAE7 /* CocoaKeys.h */,
				3782F003133864AD0042BAE7 /* CocoaKeys.mm */,
				37B192B21335A9C200D2D264 /* CocoaOpenGL.h */,
				37B192B31335A9C200D2D264 /* CocoaOpenGL.mm */,
				37B192911335995600D2D264 /* CocoaPlatform.h */,
				37B192921335995600D2D264 /* CocoaPlatform.mm */,
				37B192BE13361FD900D2D264 /* CocoaWindowListener.h */,
				37B192BF13361FDA00D2D264 /* CocoaWindowListener.mm */,
			);
			name = Cocoa;
			sourceTree = "<group>";
		};
		37CAD626133259BE009BC5F3 /* Graphics */ = {
			isa = PBXGroup;
			children = (
				37CAD627133259DD009BC5F3 /* Sprite.cpp */,
				37CAD628133259DD009BC5F3 /* Sprite.h */,
				F9257DD01338237600A47E00 /* SpriteAnimation.cpp */,
				F9257DD11338237600A47E00 /* SpriteAnimation.h */,
				F9257DD21338237600A47E00 /* Tilemap.cpp */,
				F9257DD31338237600A47E00 /* Tilemap.h */,
			);
			name = Graphics;
			sourceTree = "<group>";
		};
		37EA248B132F986800D216B0 = {
			isa = PBXGroup;
			children = (
				37FB691313317656008963C1 /* Monocle */,
				37EA24A0132F986900D216B0 /* MonocleTest */,
				37EA2499132F986900D216B0 /* Frameworks */,
				37EA2497132F986900D216B0 /* Products */,
			);
			sourceTree = "<group>";
		};
		37EA2497132F986900D216B0 /* Products */ = {
			isa = PBXGroup;
			children = (
				37EA2496132F986900D216B0 /* MonocleTest.app */,
			);
			name = Products;
			sourceTree = "<group>";
		};
		37EA2499132F986900D216B0 /* Frameworks */ = {
			isa = PBXGroup;
			children = (
				37EA249A132F986900D216B0 /* Cocoa.framework */,
				37FB69B713319030008963C1 /* OpenGL.framework */,
				37EA249C132F986900D216B0 /* Other Frameworks */,
			);
			name = Frameworks;
			sourceTree = "<group>";
		};
		37EA249C132F986900D216B0 /* Other Frameworks */ = {
			isa = PBXGroup;
			children = (
				37EA249D132F986900D216B0 /* AppKit.framework */,
				37EA249E132F986900D216B0 /* CoreData.framework */,
				37EA249F132F986900D216B0 /* Foundation.framework */,
			);
			name = "Other Frameworks";
			sourceTree = "<group>";
		};
		37EA24A0132F986900D216B0 /* MonocleTest */ = {
			isa = PBXGroup;
			children = (
				37EA24A1132F986900D216B0 /* Supporting Files */,
			);
			path = MonocleTest;
			sourceTree = "<group>";
		};
		37EA24A1132F986900D216B0 /* Supporting Files */ = {
			isa = PBXGroup;
			children = (
				37EA24A2132F986900D216B0 /* MonocleTest-Info.plist */,
				37EA24A3132F986900D216B0 /* InfoPlist.strings */,
				37EA24A6132F986900D216B0 /* MonocleTest-Prefix.pch */,
			);
			name = "Supporting Files";
			sourceTree = "<group>";
		};
		37FB691313317656008963C1 /* Monocle */ = {
			isa = PBXGroup;
			children = (
				37CAD62513325648009BC5F3 /* Cocoa */,
				37FB691913317693008963C1 /* Colliders */,
				37CAD626133259BE009BC5F3 /* Graphics */,
				F9257DD91338238200A47E00 /* LevelEditor */,
				37FB693B13317693008963C1 /* OpenAL */,
				37FB693D13317693008963C1 /* OpenGL */,
				37FB696F13317693008963C1 /* Tests */,
				37B1929813359C9D00D2D264 /* XML */,
				37FB691413317693008963C1 /* Asset.cpp */,
				37FB691513317693008963C1 /* Asset.h */,
				37AABF3413333E29004E2D56 /* Assets.cpp */,
				37AABF3513333E29004E2D56 /* Assets.h */,
				37FB691813317693008963C1 /* Audio.h */,
				F9132A12134A0D8C00567EAB /* Camera.cpp */,
				F9132A13134A0D8C00567EAB /* Camera.h */,
				37FB692013317693008963C1 /* Collision.cpp */,
				37FB692113317693008963C1 /* Collision.h */,
				F9F7D63B13457F46002953B0 /* FileNode.cpp */,
				F9F7D63C13457F46002953B0 /* FileNode.h */,
				37FB692213317693008963C1 /* Color.cpp */,
				37FB692313317693008963C1 /* Color.h */,
				37FB692613317693008963C1 /* Debug.cpp */,
				37FB692713317693008963C1 /* Debug.h */,
				37FB692813317693008963C1 /* Editor.h */,
				37FB692913317693008963C1 /* Entity.cpp */,
				37FB692A13317693008963C1 /* Entity.h */,
				F9257DC61338235100A47E00 /* Game.cpp */,
				F9257DC71338235100A47E00 /* Game.h */,
				37FB692B13317693008963C1 /* Graphics.h */,
				3763773913385C7B003608BB /* GUI.cpp */,
				3763773A13385C7B003608BB /* GUI.h */,
				37FB692C13317693008963C1 /* Input.cpp */,
				37FB692D13317693008963C1 /* Input.h */,
				F9257DCB1338236300A47E00 /* Level.cpp */,
				F9257DCC1338236300A47E00 /* Level.h */,
				F947BBE0134CBACD00952C81 /* Macros.h */,
				37AABF371333478A004E2D56 /* Main.cpp */,
				37FB693913317693008963C1 /* Monocle.cpp */,
				37FB693A13317693008963C1 /* Monocle.h */,
				37FB696813317693008963C1 /* Platform.h */,
				37FB696913317693008963C1 /* Random.cpp */,
				37FB696A13317693008963C1 /* Random.h */,
				37FB696B13317693008963C1 /* Scene.cpp */,
				37FB696C13317693008963C1 /* Scene.h */,
				37FB697913317693008963C1 /* TextureAsset.h */,
				F9257DDF133823AA00A47E00 /* Tileset.cpp */,
				F9257DE0133823AA00A47E00 /* Tileset.h */,
				F9132A0F134A0D8200567EAB /* Transform.cpp */,
				F9132A10134A0D8200567EAB /* Transform.h */,
				37FB697A13317693008963C1 /* Tween.cpp */,
				37FB697B13317693008963C1 /* Tween.h */,
				37FB697C13317693008963C1 /* Vector2.cpp */,
				37FB697D13317693008963C1 /* Vector2.h */,
				37FB697E13317693008963C1 /* Vector3.cpp */,
				37FB697F13317693008963C1 /* Vector3.h */,
			);
			name = Monocle;
			sourceTree = "<group>";
		};
		37FB691913317693008963C1 /* Colliders */ = {
			isa = PBXGroup;
			children = (
				F9132A0813499ED200567EAB /* PathCollider.cpp */,
				F9132A0913499ED200567EAB /* PathCollider.h */,
				37FB691A13317693008963C1 /* CircleCollider.cpp */,
				37FB691B13317693008963C1 /* CircleCollider.h */,
				37FB691C13317693008963C1 /* Collider.cpp */,
				37FB691D13317693008963C1 /* Collider.h */,
				F9F7D5D2133B0D57002953B0 /* PolygonCollider.cpp */,
				F9F7D5D3133B0D57002953B0 /* PolygonCollider.h */,
				37FB691E13317693008963C1 /* RectangleCollider.cpp */,
				37FB691F13317693008963C1 /* RectangleCollider.h */,
			);
			name = Colliders;
			path = ../../../Code/Colliders;
			sourceTree = "<group>";
		};
		37FB693B13317693008963C1 /* OpenAL */ = {
			isa = PBXGroup;
			children = (
				37FB693C13317693008963C1 /* OpenALAudio.cpp */,
			);
			name = OpenAL;
			path = ../../../Code/OpenAL;
			sourceTree = "<group>";
		};
		37FB693D13317693008963C1 /* OpenGL */ = {
			isa = PBXGroup;
			children = (
				37FB693E13317693008963C1 /* glpng */,
				37FB696613317693008963C1 /* OpenGLGraphics.cpp */,
				37FB696713317693008963C1 /* OpenGLTextureAsset.cpp */,
			);
			name = OpenGL;
			path = ../../../Code/OpenGL;
			sourceTree = "<group>";
		};
		37FB693E13317693008963C1 /* glpng */ = {
			isa = PBXGroup;
			children = (
				37FB693F13317693008963C1 /* glpng.c */,
				37FB694013317693008963C1 /* glpng.h */,
				37FB694113317693008963C1 /* png */,
				37FB694F13317693008963C1 /* zlib */,
			);
			path = glpng;
			sourceTree = "<group>";
		};
		37FB694113317693008963C1 /* png */ = {
			isa = PBXGroup;
			children = (
				37FB694213317693008963C1 /* png.c */,
				37FB694313317693008963C1 /* png.h */,
				37FB694413317693008963C1 /* pngconf.h */,
				37FB694513317693008963C1 /* pngerror.c */,
				37FB694613317693008963C1 /* pngget.c */,
				37FB694713317693008963C1 /* pngmem.c */,
				37FB694813317693008963C1 /* pngpread.c */,
				37FB694913317693008963C1 /* pngread.c */,
				37FB694A13317693008963C1 /* pngrio.c */,
				37FB694B13317693008963C1 /* pngrtran.c */,
				37FB694C13317693008963C1 /* pngrutil.c */,
				37FB694D13317693008963C1 /* pngset.c */,
				37FB694E13317693008963C1 /* pngtrans.c */,
			);
			path = png;
			sourceTree = "<group>";
		};
		37FB694F13317693008963C1 /* zlib */ = {
			isa = PBXGroup;
			children = (
				37FB695013317693008963C1 /* adler32.c */,
				37FB695113317693008963C1 /* compress.c */,
				37FB695213317693008963C1 /* crc32.c */,
				37FB695313317693008963C1 /* crc32.h */,
				37FB695413317693008963C1 /* deflate.c */,
				37FB695513317693008963C1 /* deflate.h */,
				37FB695613317693008963C1 /* gzio.c */,
				37FB695713317693008963C1 /* infback.c */,
				37FB695813317693008963C1 /* inffast.c */,
				37FB695913317693008963C1 /* inffast.h */,
				37FB695A13317693008963C1 /* inffixed.h */,
				37FB695B13317693008963C1 /* inflate.c */,
				37FB695C13317693008963C1 /* inflate.h */,
				37FB695D13317693008963C1 /* inftrees.c */,
				37FB695E13317693008963C1 /* inftrees.h */,
				37FB695F13317693008963C1 /* trees.c */,
				37FB696013317693008963C1 /* trees.h */,
				37FB696113317693008963C1 /* uncompr.c */,
				37FB696213317693008963C1 /* zconf.h */,
				37FB696313317693008963C1 /* zlib.h */,
				37FB696413317693008963C1 /* zutil.c */,
				37FB696513317693008963C1 /* zutil.h */,
			);
			path = zlib;
			sourceTree = "<group>";
		};
		37FB696F13317693008963C1 /* Tests */ = {
			isa = PBXGroup;
			children = (
				F947BBD8134C941B00952C81 /* PuppetTest */,
				6657ED12133F9E8F00ACA1E2 /* FTE */,
				37B1929413359BE600D2D264 /* Flash */,
				37FB697013317693008963C1 /* Jumper */,
				F9257DF3133823D600A47E00 /* Ogmo */,
				37FB697613317693008963C1 /* Pong */,
			);
			name = Tests;
			path = ../../../Code/Tests;
			sourceTree = "<group>";
		};
		37FB697013317693008963C1 /* Jumper */ = {
			isa = PBXGroup;
			children = (
				37FB697113317693008963C1 /* Jumper.cpp */,
				37FB697213317693008963C1 /* Jumper.h */,
			);
			path = Jumper;
			sourceTree = "<group>";
		};
		37FB697613317693008963C1 /* Pong */ = {
			isa = PBXGroup;
			children = (
				37FB697713317693008963C1 /* Pong.cpp */,
				37FB697813317693008963C1 /* Pong.h */,
			);
			path = Pong;
			sourceTree = "<group>";
		};
		6657ED12133F9E8F00ACA1E2 /* FTE */ = {
			isa = PBXGroup;
			children = (
				6657ED13133F9E8F00ACA1E2 /* FTE.cpp */,
				6657ED14133F9E8F00ACA1E2 /* FTE.h */,
			);
			path = FTE;
			sourceTree = "<group>";
		};
		F9257DD91338238200A47E00 /* LevelEditor */ = {
			isa = PBXGroup;
			children = (
				F9F7D64113457F5C002953B0 /* PathMesh.cpp */,
				F9F7D64213457F5C002953B0 /* PathMesh.h */,
				D881B4FE13445142008EF89C /* Node.cpp */,
				D881B4FF13445142008EF89C /* Node.h */,
				F9F7D5FA133D3F3C002953B0 /* FringeTile.cpp */,
				F9F7D5FB133D3F3C002953B0 /* FringeTile.h */,
				F9F7D5FC133D3F3C002953B0 /* FringeTileEditor.cpp */,
				F9F7D5FD133D3F3C002953B0 /* FringeTileEditor.h */,
				F9F7D5FE133D3F3C002953B0 /* LevelEditor.cpp */,
				F9F7D5FF133D3F3C002953B0 /* LevelEditor.h */,
				D876F29413456E7500A021D8 /* PathMesh.cpp */,
				D876F29513456E7500A021D8 /* PathMesh.h */,
			);
			name = LevelEditor;
			sourceTree = "<group>";
		};
		F9257DF3133823D600A47E00 /* Ogmo */ = {
			isa = PBXGroup;
			children = (
				F9257DF9133823E100A47E00 /* Ogmo.cpp */,
				F9257DFA133823E100A47E00 /* Ogmo.h */,
			);
			name = Ogmo;
			sourceTree = "<group>";
		};
		F947BBD8134C941B00952C81 /* PuppetTest */ = {
			isa = PBXGroup;
			children = (
				F947BBDA134C943600952C81 /* Puppet.cpp */,
				F947BBDB134C943600952C81 /* Puppet.h */,
				F947BBDC134C943600952C81 /* PuppetTest.cpp */,
				F947BBDD134C943600952C81 /* PuppetTest.h */,
			);
			name = PuppetTest;
			sourceTree = "<group>";
		};
/* End PBXGroup section */

/* Begin PBXNativeTarget section */
		37EA2495132F986900D216B0 /* MonocleTest */ = {
			isa = PBXNativeTarget;
			buildConfigurationList = 37EA24B4132F986900D216B0 /* Build configuration list for PBXNativeTarget "MonocleTest" */;
			buildPhases = (
				37EA2492132F986900D216B0 /* Sources */,
				37EA2493132F986900D216B0 /* Frameworks */,
				37EA2494132F986900D216B0 /* Resources */,
				D881BBFB134643D4001263BE /* ShellScript */,
			);
			buildRules = (
			);
			dependencies = (
			);
			name = MonocleTest;
			productName = MonocleTest;
			productReference = 37EA2496132F986900D216B0 /* MonocleTest.app */;
			productType = "com.apple.product-type.application";
		};
/* End PBXNativeTarget section */

/* Begin PBXProject section */
		37EA248D132F986800D216B0 /* Project object */ = {
			isa = PBXProject;
			attributes = {
				ORGANIZATIONNAME = "Expanding Brain";
			};
			buildConfigurationList = 37EA2490132F986800D216B0 /* Build configuration list for PBXProject "MonocleTest" */;
			compatibilityVersion = "Xcode 3.2";
			developmentRegion = English;
			hasScannedForEncodings = 0;
			knownRegions = (
				en,
			);
			mainGroup = 37EA248B132F986800D216B0;
			productRefGroup = 37EA2497132F986900D216B0 /* Products */;
			projectDirPath = "";
			projectRoot = "";
			targets = (
				37EA2495132F986900D216B0 /* MonocleTest */,
			);
		};
/* End PBXProject section */

/* Begin PBXResourcesBuildPhase section */
		37EA2494132F986900D216B0 /* Resources */ = {
			isa = PBXResourcesBuildPhase;
			buildActionMask = 2147483647;
			files = (
				37EA24A5132F986900D216B0 /* InfoPlist.strings in Resources */,
			);
			runOnlyForDeploymentPostprocessing = 0;
		};
/* End PBXResourcesBuildPhase section */

/* Begin PBXShellScriptBuildPhase section */
		D881BBFB134643D4001263BE /* ShellScript */ = {
			isa = PBXShellScriptBuildPhase;
			buildActionMask = 2147483647;
			files = (
			);
			inputPaths = (
			);
			outputPaths = (
			);
			runOnlyForDeploymentPostprocessing = 0;
			shellPath = /bin/sh;
			shellScript = "if ! ${MONOCLE_MAC_USE_CONTENT_PATH}\n  then\n    cp -r \"${MONOCLE_CONTENT_PATH}\" \"${BUILT_PRODUCTS_DIR}/${UNLOCALIZED_RESOURCES_FOLDER_PATH}/Content/\"\nfi";
			showEnvVarsInLog = 0;
		};
/* End PBXShellScriptBuildPhase section */

/* Begin PBXSourcesBuildPhase section */
		37EA2492132F986900D216B0 /* Sources */ = {
			isa = PBXSourcesBuildPhase;
			buildActionMask = 2147483647;
			files = (
				37FB698013317693008963C1 /* Asset.cpp in Sources */,
				37FB698213317693008963C1 /* CircleCollider.cpp in Sources */,
				37FB698313317693008963C1 /* Collider.cpp in Sources */,
				37FB698413317693008963C1 /* RectangleCollider.cpp in Sources */,
				37FB698513317693008963C1 /* Collision.cpp in Sources */,
				37FB698613317693008963C1 /* Color.cpp in Sources */,
				37FB698813317693008963C1 /* Debug.cpp in Sources */,
				37FB698913317693008963C1 /* Entity.cpp in Sources */,
				37FB698A13317693008963C1 /* Input.cpp in Sources */,
				37FB699213317693008963C1 /* Monocle.cpp in Sources */,
				37FB699313317693008963C1 /* OpenALAudio.cpp in Sources */,
				37FB699413317693008963C1 /* glpng.c in Sources */,
				37FB699513317693008963C1 /* png.c in Sources */,
				37FB699613317693008963C1 /* pngerror.c in Sources */,
				37FB699713317693008963C1 /* pngget.c in Sources */,
				37FB699813317693008963C1 /* pngmem.c in Sources */,
				37FB699913317693008963C1 /* pngpread.c in Sources */,
				37FB699A13317693008963C1 /* pngread.c in Sources */,
				37FB699B13317693008963C1 /* pngrio.c in Sources */,
				37FB699C13317693008963C1 /* pngrtran.c in Sources */,
				37FB699D13317693008963C1 /* pngrutil.c in Sources */,
				37FB699E13317693008963C1 /* pngset.c in Sources */,
				37FB699F13317693008963C1 /* pngtrans.c in Sources */,
				37FB69A013317693008963C1 /* adler32.c in Sources */,
				37FB69A113317693008963C1 /* compress.c in Sources */,
				37FB69A213317693008963C1 /* crc32.c in Sources */,
				37FB69A313317693008963C1 /* deflate.c in Sources */,
				37FB69A413317693008963C1 /* gzio.c in Sources */,
				37FB69A513317693008963C1 /* infback.c in Sources */,
				37FB69A613317693008963C1 /* inffast.c in Sources */,
				37FB69A713317693008963C1 /* inflate.c in Sources */,
				37FB69A813317693008963C1 /* inftrees.c in Sources */,
				37FB69A913317693008963C1 /* trees.c in Sources */,
				37FB69AA13317693008963C1 /* uncompr.c in Sources */,
				37FB69AB13317693008963C1 /* zutil.c in Sources */,
				37FB69AC13317693008963C1 /* OpenGLGraphics.cpp in Sources */,
				37FB69AD13317693008963C1 /* OpenGLTextureAsset.cpp in Sources */,
				37FB69AE13317693008963C1 /* Random.cpp in Sources */,
				37FB69AF13317693008963C1 /* Scene.cpp in Sources */,
				37FB69B113317693008963C1 /* Jumper.cpp in Sources */,
				37FB69B313317693008963C1 /* Pong.cpp in Sources */,
				37FB69B413317693008963C1 /* Tween.cpp in Sources */,
				37FB69B513317693008963C1 /* Vector2.cpp in Sources */,
				37FB69B613317693008963C1 /* Vector3.cpp in Sources */,
				37CAD629133259DD009BC5F3 /* Sprite.cpp in Sources */,
				37AABF3613333E29004E2D56 /* Assets.cpp in Sources */,
				37AABF381333478A004E2D56 /* Main.cpp in Sources */,
				37B192931335995600D2D264 /* CocoaPlatform.mm in Sources */,
				37B1929713359BE600D2D264 /* Flash.cpp in Sources */,
				37B1929D13359C9D00D2D264 /* tinyxml.cpp in Sources */,
				37B1929E13359C9D00D2D264 /* tinyxmlerror.cpp in Sources */,
				37B1929F13359C9D00D2D264 /* tinyxmlparser.cpp in Sources */,
				37B192B41335A9C200D2D264 /* CocoaOpenGL.mm in Sources */,
				37B192B71335B0E800D2D264 /* CocoaEvents.mm in Sources */,
				37B192C013361FDA00D2D264 /* CocoaWindowListener.mm in Sources */,
				F9257DC81338235100A47E00 /* Game.cpp in Sources */,
				F9257DCD1338236300A47E00 /* Level.cpp in Sources */,
				F9257DD41338237600A47E00 /* SpriteAnimation.cpp in Sources */,
				F9257DD51338237600A47E00 /* Tilemap.cpp in Sources */,
				F9257DE1133823AA00A47E00 /* Tileset.cpp in Sources */,
				F9257DFB133823E100A47E00 /* Ogmo.cpp in Sources */,
				3782F004133864AD0042BAE7 /* CocoaKeys.mm in Sources */,
				F9F7D5D4133B0D57002953B0 /* PolygonCollider.cpp in Sources */,
				F9F7D600133D3F3C002953B0 /* FringeTile.cpp in Sources */,
				F9F7D601133D3F3C002953B0 /* FringeTileEditor.cpp in Sources */,
				F9F7D602133D3F3C002953B0 /* LevelEditor.cpp in Sources */,
				6657ED15133F9E8F00ACA1E2 /* FTE.cpp in Sources */,
				D881B50013445142008EF89C /* Node.cpp in Sources */,
				F9F7D63A13457F3B002953B0 /* XMLFileNode.cpp in Sources */,
				F9F7D63D13457F46002953B0 /* FileNode.cpp in Sources */,
				F9F7D64313457F5C002953B0 /* PathMesh.cpp in Sources */,
				F9132A0A13499ED200567EAB /* PathCollider.cpp in Sources */,
				F9132A11134A0D8200567EAB /* Transform.cpp in Sources */,
				F9132A14134A0D8C00567EAB /* Camera.cpp in Sources */,
				F947BBDE134C943600952C81 /* Puppet.cpp in Sources */,
				F947BBDF134C943600952C81 /* PuppetTest.cpp in Sources */,
			);
			runOnlyForDeploymentPostprocessing = 0;
		};
/* End PBXSourcesBuildPhase section */

/* Begin PBXVariantGroup section */
		37EA24A3132F986900D216B0 /* InfoPlist.strings */ = {
			isa = PBXVariantGroup;
			children = (
				37EA24A4132F986900D216B0 /* en */,
			);
			name = InfoPlist.strings;
			sourceTree = "<group>";
		};
/* End PBXVariantGroup section */

/* Begin XCBuildConfiguration section */
		37EA24B2132F986900D216B0 /* Debug */ = {
			isa = XCBuildConfiguration;
			buildSettings = {
				ARCHS = "$(ARCHS_STANDARD_32_64_BIT)";
				GCC_C_LANGUAGE_STANDARD = gnu99;
				GCC_OPTIMIZATION_LEVEL = 0;
				GCC_PREPROCESSOR_DEFINITIONS = DEBUG;
				GCC_SYMBOLS_PRIVATE_EXTERN = NO;
				GCC_VERSION = com.apple.compilers.llvm.clang.1_0;
				GCC_WARN_64_TO_32_BIT_CONVERSION = YES;
				GCC_WARN_ABOUT_RETURN_TYPE = YES;
				GCC_WARN_UNUSED_VARIABLE = YES;
				MACOSX_DEPLOYMENT_TARGET = 10.6;
				MONOCLE_CONTENT_PATH = "${SRCROOT}/../../../Content/";
				MONOCLE_MAC_USE_CONTENT_PATH = true;
				ONLY_ACTIVE_ARCH = YES;
				SDKROOT = macosx;
			};
			name = Debug;
		};
		37EA24B3132F986900D216B0 /* Release */ = {
			isa = XCBuildConfiguration;
			buildSettings = {
				ARCHS = "$(ARCHS_STANDARD_32_64_BIT)";
				GCC_C_LANGUAGE_STANDARD = gnu99;
				GCC_VERSION = com.apple.compilers.llvm.clang.1_0;
				GCC_WARN_64_TO_32_BIT_CONVERSION = YES;
				GCC_WARN_ABOUT_RETURN_TYPE = YES;
				GCC_WARN_UNUSED_VARIABLE = YES;
				MACOSX_DEPLOYMENT_TARGET = 10.6;
				MONOCLE_CONTENT_PATH = "${SRCROOT}/../../../Content/";
				MONOCLE_MAC_USE_CONTENT_PATH = false;
				SDKROOT = macosx;
			};
			name = Release;
		};
		37EA24B5132F986900D216B0 /* Debug */ = {
			isa = XCBuildConfiguration;
			buildSettings = {
				ALWAYS_SEARCH_USER_PATHS = NO;
				COPY_PHASE_STRIP = NO;
				GCC_DYNAMIC_NO_PIC = NO;
				GCC_ENABLE_OBJC_EXCEPTIONS = YES;
				GCC_PRECOMPILE_PREFIX_HEADER = YES;
				GCC_PREFIX_HEADER = "MonocleTest/MonocleTest-Prefix.pch";
				"GCC_PREPROCESSOR_DEFINITIONS[arch=*]" = (
					MONOCLE_MAC,
					MONOCLE_OPENGL,
					MONOCLE_OPENAL,
				);
				INFOPLIST_FILE = "MonocleTest/MonocleTest-Info.plist";
				MONOCLE_MAC = "";
				MONOCLE_OPENGL = "";
				PRODUCT_NAME = "$(TARGET_NAME)";
				WRAPPER_EXTENSION = app;
			};
			name = Debug;
		};
		37EA24B6132F986900D216B0 /* Release */ = {
			isa = XCBuildConfiguration;
			buildSettings = {
				ALWAYS_SEARCH_USER_PATHS = NO;
				COPY_PHASE_STRIP = YES;
				DEBUG_INFORMATION_FORMAT = "dwarf-with-dsym";
				GCC_ENABLE_OBJC_EXCEPTIONS = YES;
				GCC_PRECOMPILE_PREFIX_HEADER = YES;
				GCC_PREFIX_HEADER = "MonocleTest/MonocleTest-Prefix.pch";
				"GCC_PREPROCESSOR_DEFINITIONS[arch=*]" = (
					MONOCLE_MAC,
					MONOCLE_OPENGL,
					MONOCLE_OPENAL,
				);
				INFOPLIST_FILE = "MonocleTest/MonocleTest-Info.plist";
				MONOCLE_MAC = "";
				MONOCLE_OPENGL = "";
				PRODUCT_NAME = "$(TARGET_NAME)";
				WRAPPER_EXTENSION = app;
			};
			name = Release;
		};
/* End XCBuildConfiguration section */

/* Begin XCConfigurationList section */
		37EA2490132F986800D216B0 /* Build configuration list for PBXProject "MonocleTest" */ = {
			isa = XCConfigurationList;
			buildConfigurations = (
				37EA24B2132F986900D216B0 /* Debug */,
				37EA24B3132F986900D216B0 /* Release */,
			);
			defaultConfigurationIsVisible = 0;
			defaultConfigurationName = Release;
		};
		37EA24B4132F986900D216B0 /* Build configuration list for PBXNativeTarget "MonocleTest" */ = {
			isa = XCConfigurationList;
			buildConfigurations = (
				37EA24B5132F986900D216B0 /* Debug */,
				37EA24B6132F986900D216B0 /* Release */,
			);
			defaultConfigurationIsVisible = 0;
			defaultConfigurationName = Release;
		};
/* End XCConfigurationList section */
	};
	rootObject = 37EA248D132F986800D216B0 /* Project object */;
}
